
Microsoft Visual Studio Solution File, Format Version 12.00
Project("{2150E333-8FDC-42A3-9474-1A3956D46DE8}") = "bench", "bench", "{B2C28AAF-B88E-A83F-FBF4-8916CB7D29F2}"
EndProject
Project("{2150E333-8FDC-42A3-9474-1A3956D46DE8}") = "Solution Items", "Solution Items", "{4F31B3B2-9221-4C40-BE7F-2EF0A7D70040}"
	ProjectSection(SolutionItems) = preProject
		README.md = README.md
	EndProjectSection
EndProject
Project("{2150E333-8FDC-42A3-9474-1A3956D46DE8}") = "net11-runtime-async", "net11-runtime-async", "{A1A5E854-4D08-4742-9751-1A14781F00AC}"
	ProjectSection(SolutionItems) = preProject
		net11-runtime-async\README.md = net11-runtime-async\README.md
	EndProjectSection
EndProject
Project("{FAE04EC0-301F-11D3-BF4B-00C04F79EFBC}") = "console-net10-app", "net11-runtime-async\console-net10-app\console-net10-app.csproj", "{039E43FB-828A-49E6-84B7-8379249F32F9}"
EndProject
Project("{FAE04EC0-301F-11D3-BF4B-00C04F79EFBC}") = "console-net11-app", "net11-runtime-async\console-net11-app\console-net11-app.csproj", "{17C4ED5A-933E-4845-9A20-011C9B12E052}"
EndProject
Project("{FAE04EC0-301F-11D3-BF4B-00C04F79EFBC}") = "AsyncCases.Benchmarks", "net11-runtime-async\bench\AsyncCases.Benchmarks\AsyncCases.Benchmarks.csproj", "{84E94974-C553-4108-92A6-28202AAFFA58}"
EndProject
Project("{2150E333-8FDC-42A3-9474-1A3956D46DE8}") = "field-keyword", "field-keyword", "{AC37BF44-9175-0602-A29F-47563313A574}"
	ProjectSection(SolutionItems) = preProject
		field-keyword\README.md = field-keyword\README.md
	EndProjectSection
EndProject
Project("{FAE04EC0-301F-11D3-BF4B-00C04F79EFBC}") = "console-app", "field-keyword\console-app\console-app.csproj", "{8B0D97CF-2744-4FB8-86AD-D5C7A9E7C44B}"
EndProject
Project("{2150E333-8FDC-42A3-9474-1A3956D46DE8}") = "null-conditional-assignment", "null-conditional-assignment", "{FFE4705F-C3E0-C558-7E89-5CB404BB2B07}"
	ProjectSection(SolutionItems) = preProject
		null-conditional-assignment\README.md = null-conditional-assignment\README.md
	EndProjectSection
EndProject
Project("{FAE04EC0-301F-11D3-BF4B-00C04F79EFBC}") = "console-app", "null-conditional-assignment\console-app\console-app.csproj", "{8B76FBE0-2EED-4840-A627-AA19261B4418}"
EndProject
Project("{2150E333-8FDC-42A3-9474-1A3956D46DE8}") = "interceptors", "interceptors", "{49614BCA-EDDD-9A45-325F-73C48AD97512}"
	ProjectSection(SolutionItems) = preProject
		interceptors\README.md = interceptors\README.md
	EndProjectSection
EndProject
Project("{FAE04EC0-301F-11D3-BF4B-00C04F79EFBC}") = "console-app", "interceptors\console-app\console-app.csproj", "{E1FF272F-94B6-4DAF-B1EB-52F87515E59E}"
EndProject
Project("{2150E333-8FDC-42A3-9474-1A3956D46DE8}") = "system-threading-lock", "system-threading-lock", "{9C865978-3D0F-EE69-3E4B-2361CC8B54AB}"
	ProjectSection(SolutionItems) = preProject
		system-threading-lock\README.md = system-threading-lock\README.md
	EndProjectSection
EndProject
Project("{2150E333-8FDC-42A3-9474-1A3956D46DE8}") = "bench", "bench", "{36356E14-2495-06BB-DB7E-7F4E0CB160F3}"
EndProject
Project("{FAE04EC0-301F-11D3-BF4B-00C04F79EFBC}") = "Lock.Benchmarks", "system-threading-lock\bench\Lock.Benchmarks\Lock.Benchmarks.csproj", "{F741C346-422E-48C6-8040-C9B7ECEDF39E}"
EndProject
Project("{2150E333-8FDC-42A3-9474-1A3956D46DE8}") = "extension-members", "extension-members", "{CEAB7D86-A552-F2AA-AE02-BB5EA7CCD2C5}"
	ProjectSection(SolutionItems) = preProject
		extension-members\README.md = extension-members\README.md
	EndProjectSection
EndProject
Project("{FAE04EC0-301F-11D3-BF4B-00C04F79EFBC}") = "console-app", "extension-members\console-app\console-app.csproj", "{97E95594-F1BA-4083-B2BE-AB3F793442E6}"
EndProject
Project("{2150E333-8FDC-42A3-9474-1A3956D46DE8}") = "frozen-collections", "frozen-collections", "{901D1D3B-5469-5923-1833-84550923A779}"
	ProjectSection(SolutionItems) = preProject
		frozen-collections\README.md = frozen-collections\README.md
	EndProjectSection
EndProject
Project("{2150E333-8FDC-42A3-9474-1A3956D46DE8}") = "bench", "bench", "{A79CA51C-C8A7-9168-7282-E5EBA2ABDEF3}"
EndProject
Project("{FAE04EC0-301F-11D3-BF4B-00C04F79EFBC}") = "Frozen.Benchmarks", "frozen-collections\bench\Frozen.Benchmarks\Frozen.Benchmarks.csproj", "{CCF12416-EBFC-4D8E-8725-996DC6A320A0}"
EndProject
Project("{2150E333-8FDC-42A3-9474-1A3956D46DE8}") = "params-span", "params-span", "{B4D5AD4D-8B2A-ED01-5BD0-55748C6A08E1}"
	ProjectSection(SolutionItems) = preProject
		params-span\README.md = params-span\README.md
	EndProjectSection
EndProject
Project("{FAE04EC0-301F-11D3-BF4B-00C04F79EFBC}") = "console-app", "params-span\console-app\console-app.csproj", "{59791F10-B618-43CB-BB4F-DEA8E2AF5977}"
EndProject
Project("{2150E333-8FDC-42A3-9474-1A3956D46DE8}") = "bench", "bench", "{466A254F-E348-2D0A-5656-07E8B506FC6F}"
EndProject
Project("{FAE04EC0-301F-11D3-BF4B-00C04F79EFBC}") = "ParamsSpan.Benchmarks", "params-span\bench\ParamsSpan.Benchmarks\ParamsSpan.Benchmarks.csproj", "{A852092F-AD81-42D8-BDDA-A745B19C2BCD}"
EndProject
Project("{2150E333-8FDC-42A3-9474-1A3956D46DE8}") = "native-aot", "native-aot", "{59A2B009-55A9-DD81-30AE-A9238748F188}"
	ProjectSection(SolutionItems) = preProject
		native-aot\README.md = native-aot\README.md
	EndProjectSection
EndProject
Project("{FAE04EC0-301F-11D3-BF4B-00C04F79EFBC}") = "console-app", "native-aot\console-app\console-app.csproj", "{9E0F3176-3849-40D9-92E2-05C601E15B8E}"
EndProject
Project("{2150E333-8FDC-42A3-9474-1A3956D46DE8}") = "task-when-each", "task-when-each", "{48659C4E-EA10-CA30-C6C8-D4F473664EEE}"
	ProjectSection(SolutionItems) = preProject
		task-when-each\README.md = task-when-each\README.md
	EndProjectSection
EndProject
Project("{FAE04EC0-301F-11D3-BF4B-00C04F79EFBC}") = "console-app", "task-when-each\console-app\console-app.csproj", "{476DCB1A-5456-4A1E-B99A-175226C96B95}"
EndProject
Project("{FAE04EC0-301F-11D3-BF4B-00C04F79EFBC}") = "WhenEach.Benchmarks", "task-when-each\bench\WhenEach.Benchmarks\WhenEach.Benchmarks.csproj", "{5C4D2B91-4A30-4C18-BD1E-94610FB66379}"
EndProject
Project("{2150E333-8FDC-42A3-9474-1A3956D46DE8}") = "ref-struct-interfaces", "ref-struct-interfaces", "{C9990375-3A33-CC5D-8D92-1F7D563F42CB}"
	ProjectSection(SolutionItems) = preProject
		ref-struct-interfaces\README.md = ref-struct-interfaces\README.md
	EndProjectSection
EndProject
Project("{FAE04EC0-301F-11D3-BF4B-00C04F79EFBC}") = "console-app", "ref-struct-interfaces\console-app\console-app.csproj", "{80328416-0FFA-4563-9F48-D27B95198759}"
EndProject
Project("{2150E333-8FDC-42A3-9474-1A3956D46DE8}") = "bench", "bench", "{F68C9AFA-65FF-E3D7-7A93-B0A47A452B3C}"
EndProject
Project("{FAE04EC0-301F-11D3-BF4B-00C04F79EFBC}") = "RefStruct.Benchmarks", "ref-struct-interfaces\bench\RefStruct.Benchmarks\RefStruct.Benchmarks.csproj", "{C8DCE310-76E8-4B2D-867A-EACDF2B8DCEF}"
EndProject
Project("{2150E333-8FDC-42A3-9474-1A3956D46DE8}") = "zip-archive-improvements", "zip-archive-improvements", "{A8914C4C-2569-99E4-72FB-61AEBE5E8D19}"
	ProjectSection(SolutionItems) = preProject
		zip-archive-improvements\README.md = zip-archive-improvements\README.md
	EndProjectSection
EndProject
Project("{2150E333-8FDC-42A3-9474-1A3956D46DE8}") = "bench", "bench", "{E2C97C59-93C0-54FA-67CB-01BA5845A882}"
EndProject
Project("{FAE04EC0-301F-11D3-BF4B-00C04F79EFBC}") = "ZipArchive.Benchmarks", "zip-archive-improvements\bench\ZipArchive.Benchmarks\ZipArchive.Benchmarks.csproj", "{7699C098-B183-45F1-A9DD-9DFAB1A55E71}"
EndProject
Project("{2150E333-8FDC-42A3-9474-1A3956D46DE8}") = "search-values-string", "search-values-string", "{25A8C215-5C98-9A45-475E-1D963CCD91E2}"
	ProjectSection(SolutionItems) = preProject
		search-values-string\README.md = search-values-string\README.md
	EndProjectSection
EndProject
Project("{2150E333-8FDC-42A3-9474-1A3956D46DE8}") = "bench", "bench", "{9EA366CF-0DA0-819A-BB2E-0A813518817B}"
EndProject
Project("{FAE04EC0-301F-11D3-BF4B-00C04F79EFBC}") = "SearchValues.Benchmarks", "search-values-string\bench\SearchValues.Benchmarks\SearchValues.Benchmarks.csproj", "{AEAF7817-16C1-4B0F-AB04-87508FCC9ADC}"
EndProject
Global
	GlobalSection(SolutionConfigurationPlatforms) = preSolution
		Debug|Any CPU = Debug|Any CPU
		Debug|x64 = Debug|x64
		Debug|x86 = Debug|x86
		Release|Any CPU = Release|Any CPU
		Release|x64 = Release|x64
		Release|x86 = Release|x86
	EndGlobalSection
	GlobalSection(ProjectConfigurationPlatforms) = postSolution
		{039E43FB-828A-49E6-84B7-8379249F32F9}.Debug|Any CPU.ActiveCfg = Debug|Any CPU
		{039E43FB-828A-49E6-84B7-8379249F32F9}.Debug|Any CPU.Build.0 = Debug|Any CPU
		{039E43FB-828A-49E6-84B7-8379249F32F9}.Debug|x64.ActiveCfg = Debug|Any CPU
		{039E43FB-828A-49E6-84B7-8379249F32F9}.Debug|x64.Build.0 = Debug|Any CPU
		{039E43FB-828A-49E6-84B7-8379249F32F9}.Debug|x86.ActiveCfg = Debug|Any CPU
		{039E43FB-828A-49E6-84B7-8379249F32F9}.Debug|x86.Build.0 = Debug|Any CPU
		{039E43FB-828A-49E6-84B7-8379249F32F9}.Release|Any CPU.ActiveCfg = Release|Any CPU
		{039E43FB-828A-49E6-84B7-8379249F32F9}.Release|Any CPU.Build.0 = Release|Any CPU
		{039E43FB-828A-49E6-84B7-8379249F32F9}.Release|x64.ActiveCfg = Release|Any CPU
		{039E43FB-828A-49E6-84B7-8379249F32F9}.Release|x64.Build.0 = Release|Any CPU
		{039E43FB-828A-49E6-84B7-8379249F32F9}.Release|x86.ActiveCfg = Release|Any CPU
		{039E43FB-828A-49E6-84B7-8379249F32F9}.Release|x86.Build.0 = Release|Any CPU
		{17C4ED5A-933E-4845-9A20-011C9B12E052}.Debug|Any CPU.ActiveCfg = Debug|Any CPU
		{17C4ED5A-933E-4845-9A20-011C9B12E052}.Debug|Any CPU.Build.0 = Debug|Any CPU
		{17C4ED5A-933E-4845-9A20-011C9B12E052}.Debug|x64.ActiveCfg = Debug|Any CPU
		{17C4ED5A-933E-4845-9A20-011C9B12E052}.Debug|x64.Build.0 = Debug|Any CPU
		{17C4ED5A-933E-4845-9A20-011C9B12E052}.Debug|x86.ActiveCfg = Debug|Any CPU
		{17C4ED5A-933E-4845-9A20-011C9B12E052}.Debug|x86.Build.0 = Debug|Any CPU
		{17C4ED5A-933E-4845-9A20-011C9B12E052}.Release|Any CPU.ActiveCfg = Release|Any CPU
		{17C4ED5A-933E-4845-9A20-011C9B12E052}.Release|Any CPU.Build.0 = Release|Any CPU
		{17C4ED5A-933E-4845-9A20-011C9B12E052}.Release|x64.ActiveCfg = Release|Any CPU
		{17C4ED5A-933E-4845-9A20-011C9B12E052}.Release|x64.Build.0 = Release|Any CPU
		{17C4ED5A-933E-4845-9A20-011C9B12E052}.Release|x86.ActiveCfg = Release|Any CPU
		{17C4ED5A-933E-4845-9A20-011C9B12E052}.Release|x86.Build.0 = Release|Any CPU
		{84E94974-C553-4108-92A6-28202AAFFA58}.Debug|Any CPU.ActiveCfg = Debug|Any CPU
		{84E94974-C553-4108-92A6-28202AAFFA58}.Debug|Any CPU.Build.0 = Debug|Any CPU
		{84E94974-C553-4108-92A6-28202AAFFA58}.Debug|x64.ActiveCfg = Debug|Any CPU
		{84E94974-C553-4108-92A6-28202AAFFA58}.Debug|x64.Build.0 = Debug|Any CPU
		{84E94974-C553-4108-92A6-28202AAFFA58}.Debug|x86.ActiveCfg = Debug|Any CPU
		{84E94974-C553-4108-92A6-28202AAFFA58}.Debug|x86.Build.0 = Debug|Any CPU
		{84E94974-C553-4108-92A6-28202AAFFA58}.Release|Any CPU.ActiveCfg = Release|Any CPU
		{84E94974-C553-4108-92A6-28202AAFFA58}.Release|Any CPU.Build.0 = Release|Any CPU
		{84E94974-C553-4108-92A6-28202AAFFA58}.Release|x64.ActiveCfg = Release|Any CPU
		{84E94974-C553-4108-92A6-28202AAFFA58}.Release|x64.Build.0 = Release|Any CPU
		{84E94974-C553-4108-92A6-28202AAFFA58}.Release|x86.ActiveCfg = Release|Any CPU
		{84E94974-C553-4108-92A6-28202AAFFA58}.Release|x86.Build.0 = Release|Any CPU
		{8B0D97CF-2744-4FB8-86AD-D5C7A9E7C44B}.Debug|Any CPU.ActiveCfg = Debug|Any CPU
		{8B0D97CF-2744-4FB8-86AD-D5C7A9E7C44B}.Debug|Any CPU.Build.0 = Debug|Any CPU
		{8B0D97CF-2744-4FB8-86AD-D5C7A9E7C44B}.Debug|x64.ActiveCfg = Debug|Any CPU
		{8B0D97CF-2744-4FB8-86AD-D5C7A9E7C44B}.Debug|x64.Build.0 = Debug|Any CPU
		{8B0D97CF-2744-4FB8-86AD-D5C7A9E7C44B}.Debug|x86.ActiveCfg = Debug|Any CPU
		{8B0D97CF-2744-4FB8-86AD-D5C7A9E7C44B}.Debug|x86.Build.0 = Debug|Any CPU
		{8B0D97CF-2744-4FB8-86AD-D5C7A9E7C44B}.Release|Any CPU.ActiveCfg = Release|Any CPU
		{8B0D97CF-2744-4FB8-86AD-D5C7A9E7C44B}.Release|Any CPU.Build.0 = Release|Any CPU
		{8B0D97CF-2744-4FB8-86AD-D5C7A9E7C44B}.Release|x64.ActiveCfg = Release|Any CPU
		{8B0D97CF-2744-4FB8-86AD-D5C7A9E7C44B}.Release|x64.Build.0 = Release|Any CPU
		{8B0D97CF-2744-4FB8-86AD-D5C7A9E7C44B}.Release|x86.ActiveCfg = Release|Any CPU
		{8B0D97CF-2744-4FB8-86AD-D5C7A9E7C44B}.Release|x86.Build.0 = Release|Any CPU
		{8B76FBE0-2EED-4840-A627-AA19261B4418}.Debug|Any CPU.ActiveCfg = Debug|Any CPU
		{8B76FBE0-2EED-4840-A627-AA19261B4418}.Debug|Any CPU.Build.0 = Debug|Any CPU
		{8B76FBE0-2EED-4840-A627-AA19261B4418}.Debug|x64.ActiveCfg = Debug|Any CPU
		{8B76FBE0-2EED-4840-A627-AA19261B4418}.Debug|x64.Build.0 = Debug|Any CPU
		{8B76FBE0-2EED-4840-A627-AA19261B4418}.Debug|x86.ActiveCfg = Debug|Any CPU
		{8B76FBE0-2EED-4840-A627-AA19261B4418}.Debug|x86.Build.0 = Debug|Any CPU
		{8B76FBE0-2EED-4840-A627-AA19261B4418}.Release|Any CPU.ActiveCfg = Release|Any CPU
		{8B76FBE0-2EED-4840-A627-AA19261B4418}.Release|Any CPU.Build.0 = Release|Any CPU
		{8B76FBE0-2EED-4840-A627-AA19261B4418}.Release|x64.ActiveCfg = Release|Any CPU
		{8B76FBE0-2EED-4840-A627-AA19261B4418}.Release|x64.Build.0 = Release|Any CPU
		{8B76FBE0-2EED-4840-A627-AA19261B4418}.Release|x86.ActiveCfg = Release|Any CPU
		{8B76FBE0-2EED-4840-A627-AA19261B4418}.Release|x86.Build.0 = Release|Any CPU
		{E1FF272F-94B6-4DAF-B1EB-52F87515E59E}.Debug|Any CPU.ActiveCfg = Debug|Any CPU
		{E1FF272F-94B6-4DAF-B1EB-52F87515E59E}.Debug|Any CPU.Build.0 = Debug|Any CPU
		{E1FF272F-94B6-4DAF-B1EB-52F87515E59E}.Debug|x64.ActiveCfg = Debug|Any CPU
		{E1FF272F-94B6-4DAF-B1EB-52F87515E59E}.Debug|x64.Build.0 = Debug|Any CPU
		{E1FF272F-94B6-4DAF-B1EB-52F87515E59E}.Debug|x86.ActiveCfg = Debug|Any CPU
		{E1FF272F-94B6-4DAF-B1EB-52F87515E59E}.Debug|x86.Build.0 = Debug|Any CPU
		{E1FF272F-94B6-4DAF-B1EB-52F87515E59E}.Release|Any CPU.ActiveCfg = Release|Any CPU
		{E1FF272F-94B6-4DAF-B1EB-52F87515E59E}.Release|Any CPU.Build.0 = Release|Any CPU
		{E1FF272F-94B6-4DAF-B1EB-52F87515E59E}.Release|x64.ActiveCfg = Release|Any CPU
		{E1FF272F-94B6-4DAF-B1EB-52F87515E59E}.Release|x64.Build.0 = Release|Any CPU
		{E1FF272F-94B6-4DAF-B1EB-52F87515E59E}.Release|x86.ActiveCfg = Release|Any CPU
		{E1FF272F-94B6-4DAF-B1EB-52F87515E59E}.Release|x86.Build.0 = Release|Any CPU
		{F741C346-422E-48C6-8040-C9B7ECEDF39E}.Debug|Any CPU.ActiveCfg = Debug|Any CPU
		{F741C346-422E-48C6-8040-C9B7ECEDF39E}.Debug|Any CPU.Build.0 = Debug|Any CPU
		{F741C346-422E-48C6-8040-C9B7ECEDF39E}.Debug|x64.ActiveCfg = Debug|Any CPU
		{F741C346-422E-48C6-8040-C9B7ECEDF39E}.Debug|x64.Build.0 = Debug|Any CPU
		{F741C346-422E-48C6-8040-C9B7ECEDF39E}.Debug|x86.ActiveCfg = Debug|Any CPU
		{F741C346-422E-48C6-8040-C9B7ECEDF39E}.Debug|x86.Build.0 = Debug|Any CPU
		{F741C346-422E-48C6-8040-C9B7ECEDF39E}.Release|Any CPU.ActiveCfg = Release|Any CPU
		{F741C346-422E-48C6-8040-C9B7ECEDF39E}.Release|Any CPU.Build.0 = Release|Any CPU
		{F741C346-422E-48C6-8040-C9B7ECEDF39E}.Release|x64.ActiveCfg = Release|Any CPU
		{F741C346-422E-48C6-8040-C9B7ECEDF39E}.Release|x64.Build.0 = Release|Any CPU
		{F741C346-422E-48C6-8040-C9B7ECEDF39E}.Release|x86.ActiveCfg = Release|Any CPU
		{F741C346-422E-48C6-8040-C9B7ECEDF39E}.Release|x86.Build.0 = Release|Any CPU
		{97E95594-F1BA-4083-B2BE-AB3F793442E6}.Debug|Any CPU.ActiveCfg = Debug|Any CPU
		{97E95594-F1BA-4083-B2BE-AB3F793442E6}.Debug|Any CPU.Build.0 = Debug|Any CPU
		{97E95594-F1BA-4083-B2BE-AB3F793442E6}.Debug|x64.ActiveCfg = Debug|Any CPU
		{97E95594-F1BA-4083-B2BE-AB3F793442E6}.Debug|x64.Build.0 = Debug|Any CPU
		{97E95594-F1BA-4083-B2BE-AB3F793442E6}.Debug|x86.ActiveCfg = Debug|Any CPU
		{97E95594-F1BA-4083-B2BE-AB3F793442E6}.Debug|x86.Build.0 = Debug|Any CPU
		{97E95594-F1BA-4083-B2BE-AB3F793442E6}.Release|Any CPU.ActiveCfg = Release|Any CPU
		{97E95594-F1BA-4083-B2BE-AB3F793442E6}.Release|Any CPU.Build.0 = Release|Any CPU
		{97E95594-F1BA-4083-B2BE-AB3F793442E6}.Release|x64.ActiveCfg = Release|Any CPU
		{97E95594-F1BA-4083-B2BE-AB3F793442E6}.Release|x64.Build.0 = Release|Any CPU
		{97E95594-F1BA-4083-B2BE-AB3F793442E6}.Release|x86.ActiveCfg = Release|Any CPU
		{97E95594-F1BA-4083-B2BE-AB3F793442E6}.Release|x86.Build.0 = Release|Any CPU
		{CCF12416-EBFC-4D8E-8725-996DC6A320A0}.Debug|Any CPU.ActiveCfg = Debug|Any CPU
		{CCF12416-EBFC-4D8E-8725-996DC6A320A0}.Debug|Any CPU.Build.0 = Debug|Any CPU
		{CCF12416-EBFC-4D8E-8725-996DC6A320A0}.Debug|x64.ActiveCfg = Debug|Any CPU
		{CCF12416-EBFC-4D8E-8725-996DC6A320A0}.Debug|x64.Build.0 = Debug|Any CPU
		{CCF12416-EBFC-4D8E-8725-996DC6A320A0}.Debug|x86.ActiveCfg = Debug|Any CPU
		{CCF12416-EBFC-4D8E-8725-996DC6A320A0}.Debug|x86.Build.0 = Debug|Any CPU
		{CCF12416-EBFC-4D8E-8725-996DC6A320A0}.Release|Any CPU.ActiveCfg = Release|Any CPU
		{CCF12416-EBFC-4D8E-8725-996DC6A320A0}.Release|Any CPU.Build.0 = Release|Any CPU
		{CCF12416-EBFC-4D8E-8725-996DC6A320A0}.Release|x64.ActiveCfg = Release|Any CPU
		{CCF12416-EBFC-4D8E-8725-996DC6A320A0}.Release|x64.Build.0 = Release|Any CPU
		{CCF12416-EBFC-4D8E-8725-996DC6A320A0}.Release|x86.ActiveCfg = Release|Any CPU
		{CCF12416-EBFC-4D8E-8725-996DC6A320A0}.Release|x86.Build.0 = Release|Any CPU
		{59791F10-B618-43CB-BB4F-DEA8E2AF5977}.Debug|Any CPU.ActiveCfg = Debug|Any CPU
		{59791F10-B618-43CB-BB4F-DEA8E2AF5977}.Debug|Any CPU.Build.0 = Debug|Any CPU
		{59791F10-B618-43CB-BB4F-DEA8E2AF5977}.Debug|x64.ActiveCfg = Debug|Any CPU
		{59791F10-B618-43CB-BB4F-DEA8E2AF5977}.Debug|x64.Build.0 = Debug|Any CPU
		{59791F10-B618-43CB-BB4F-DEA8E2AF5977}.Debug|x86.ActiveCfg = Debug|Any CPU
		{59791F10-B618-43CB-BB4F-DEA8E2AF5977}.Debug|x86.Build.0 = Debug|Any CPU
		{59791F10-B618-43CB-BB4F-DEA8E2AF5977}.Release|Any CPU.ActiveCfg = Release|Any CPU
		{59791F10-B618-43CB-BB4F-DEA8E2AF5977}.Release|Any CPU.Build.0 = Release|Any CPU
		{59791F10-B618-43CB-BB4F-DEA8E2AF5977}.Release|x64.ActiveCfg = Release|Any CPU
		{59791F10-B618-43CB-BB4F-DEA8E2AF5977}.Release|x64.Build.0 = Release|Any CPU
		{59791F10-B618-43CB-BB4F-DEA8E2AF5977}.Release|x86.ActiveCfg = Release|Any CPU
		{59791F10-B618-43CB-BB4F-DEA8E2AF5977}.Release|x86.Build.0 = Release|Any CPU
		{A852092F-AD81-42D8-BDDA-A745B19C2BCD}.Debug|Any CPU.ActiveCfg = Debug|Any CPU
		{A852092F-AD81-42D8-BDDA-A745B19C2BCD}.Debug|Any CPU.Build.0 = Debug|Any CPU
		{A852092F-AD81-42D8-BDDA-A745B19C2BCD}.Debug|x64.ActiveCfg = Debug|Any CPU
		{A852092F-AD81-42D8-BDDA-A745B19C2BCD}.Debug|x64.Build.0 = Debug|Any CPU
		{A852092F-AD81-42D8-BDDA-A745B19C2BCD}.Debug|x86.ActiveCfg = Debug|Any CPU
		{A852092F-AD81-42D8-BDDA-A745B19C2BCD}.Debug|x86.Build.0 = Debug|Any CPU
		{A852092F-AD81-42D8-BDDA-A745B19C2BCD}.Release|Any CPU.ActiveCfg = Release|Any CPU
		{A852092F-AD81-42D8-BDDA-A745B19C2BCD}.Release|Any CPU.Build.0 = Release|Any CPU
		{A852092F-AD81-42D8-BDDA-A745B19C2BCD}.Release|x64.ActiveCfg = Release|Any CPU
		{A852092F-AD81-42D8-BDDA-A745B19C2BCD}.Release|x64.Build.0 = Release|Any CPU
		{A852092F-AD81-42D8-BDDA-A745B19C2BCD}.Release|x86.ActiveCfg = Release|Any CPU
		{A852092F-AD81-42D8-BDDA-A745B19C2BCD}.Release|x86.Build.0 = Release|Any CPU
		{9E0F3176-3849-40D9-92E2-05C601E15B8E}.Debug|Any CPU.ActiveCfg = Debug|Any CPU
		{9E0F3176-3849-40D9-92E2-05C601E15B8E}.Debug|Any CPU.Build.0 = Debug|Any CPU
		{9E0F3176-3849-40D9-92E2-05C601E15B8E}.Debug|x64.ActiveCfg = Debug|Any CPU
		{9E0F3176-3849-40D9-92E2-05C601E15B8E}.Debug|x64.Build.0 = Debug|Any CPU
		{9E0F3176-3849-40D9-92E2-05C601E15B8E}.Debug|x86.ActiveCfg = Debug|Any CPU
		{9E0F3176-3849-40D9-92E2-05C601E15B8E}.Debug|x86.Build.0 = Debug|Any CPU
		{9E0F3176-3849-40D9-92E2-05C601E15B8E}.Release|Any CPU.ActiveCfg = Release|Any CPU
		{9E0F3176-3849-40D9-92E2-05C601E15B8E}.Release|Any CPU.Build.0 = Release|Any CPU
		{9E0F3176-3849-40D9-92E2-05C601E15B8E}.Release|x64.ActiveCfg = Release|Any CPU
		{9E0F3176-3849-40D9-92E2-05C601E15B8E}.Release|x64.Build.0 = Release|Any CPU
		{9E0F3176-3849-40D9-92E2-05C601E15B8E}.Release|x86.ActiveCfg = Release|Any CPU
		{9E0F3176-3849-40D9-92E2-05C601E15B8E}.Release|x86.Build.0 = Release|Any CPU
		{476DCB1A-5456-4A1E-B99A-175226C96B95}.Debug|Any CPU.ActiveCfg = Debug|Any CPU
		{476DCB1A-5456-4A1E-B99A-175226C96B95}.Debug|Any CPU.Build.0 = Debug|Any CPU
		{476DCB1A-5456-4A1E-B99A-175226C96B95}.Debug|x64.ActiveCfg = Debug|Any CPU
		{476DCB1A-5456-4A1E-B99A-175226C96B95}.Debug|x64.Build.0 = Debug|Any CPU
		{476DCB1A-5456-4A1E-B99A-175226C96B95}.Debug|x86.ActiveCfg = Debug|Any CPU
		{476DCB1A-5456-4A1E-B99A-175226C96B95}.Debug|x86.Build.0 = Debug|Any CPU
		{476DCB1A-5456-4A1E-B99A-175226C96B95}.Release|Any CPU.ActiveCfg = Release|Any CPU
		{476DCB1A-5456-4A1E-B99A-175226C96B95}.Release|Any CPU.Build.0 = Release|Any CPU
		{476DCB1A-5456-4A1E-B99A-175226C96B95}.Release|x64.ActiveCfg = Release|Any CPU
		{476DCB1A-5456-4A1E-B99A-175226C96B95}.Release|x64.Build.0 = Release|Any CPU
		{476DCB1A-5456-4A1E-B99A-175226C96B95}.Release|x86.ActiveCfg = Release|Any CPU
		{476DCB1A-5456-4A1E-B99A-175226C96B95}.Release|x86.Build.0 = Release|Any CPU
		{5C4D2B91-4A30-4C18-BD1E-94610FB66379}.Debug|Any CPU.ActiveCfg = Debug|Any CPU
		{5C4D2B91-4A30-4C18-BD1E-94610FB66379}.Debug|Any CPU.Build.0 = Debug|Any CPU
		{5C4D2B91-4A30-4C18-BD1E-94610FB66379}.Debug|x64.ActiveCfg = Debug|Any CPU
		{5C4D2B91-4A30-4C18-BD1E-94610FB66379}.Debug|x64.Build.0 = Debug|Any CPU
		{5C4D2B91-4A30-4C18-BD1E-94610FB66379}.Debug|x86.ActiveCfg = Debug|Any CPU
		{5C4D2B91-4A30-4C18-BD1E-94610FB66379}.Debug|x86.Build.0 = Debug|Any CPU
		{5C4D2B91-4A30-4C18-BD1E-94610FB66379}.Release|Any CPU.ActiveCfg = Release|Any CPU
		{5C4D2B91-4A30-4C18-BD1E-94610FB66379}.Release|Any CPU.Build.0 = Release|Any CPU
		{5C4D2B91-4A30-4C18-BD1E-94610FB66379}.Release|x64.ActiveCfg = Release|Any CPU
		{5C4D2B91-4A30-4C18-BD1E-94610FB66379}.Release|x64.Build.0 = Release|Any CPU
		{5C4D2B91-4A30-4C18-BD1E-94610FB66379}.Release|x86.ActiveCfg = Release|Any CPU
		{5C4D2B91-4A30-4C18-BD1E-94610FB66379}.Release|x86.Build.0 = Release|Any CPU
		{80328416-0FFA-4563-9F48-D27B95198759}.Debug|Any CPU.ActiveCfg = Debug|Any CPU
		{80328416-0FFA-4563-9F48-D27B95198759}.Debug|Any CPU.Build.0 = Debug|Any CPU
		{80328416-0FFA-4563-9F48-D27B95198759}.Debug|x64.ActiveCfg = Debug|Any CPU
		{80328416-0FFA-4563-9F48-D27B95198759}.Debug|x64.Build.0 = Debug|Any CPU
		{80328416-0FFA-4563-9F48-D27B95198759}.Debug|x86.ActiveCfg = Debug|Any CPU
		{80328416-0FFA-4563-9F48-D27B95198759}.Debug|x86.Build.0 = Debug|Any CPU
		{80328416-0FFA-4563-9F48-D27B95198759}.Release|Any CPU.ActiveCfg = Release|Any CPU
		{80328416-0FFA-4563-9F48-D27B95198759}.Release|Any CPU.Build.0 = Release|Any CPU
		{80328416-0FFA-4563-9F48-D27B95198759}.Release|x64.ActiveCfg = Release|Any CPU
		{80328416-0FFA-4563-9F48-D27B95198759}.Release|x64.Build.0 = Release|Any CPU
		{80328416-0FFA-4563-9F48-D27B95198759}.Release|x86.ActiveCfg = Release|Any CPU
		{80328416-0FFA-4563-9F48-D27B95198759}.Release|x86.Build.0 = Release|Any CPU
		{C8DCE310-76E8-4B2D-867A-EACDF2B8DCEF}.Debug|Any CPU.ActiveCfg = Debug|Any CPU
		{C8DCE310-76E8-4B2D-867A-EACDF2B8DCEF}.Debug|Any CPU.Build.0 = Debug|Any CPU
		{C8DCE310-76E8-4B2D-867A-EACDF2B8DCEF}.Debug|x64.ActiveCfg = Debug|Any CPU
		{C8DCE310-76E8-4B2D-867A-EACDF2B8DCEF}.Debug|x64.Build.0 = Debug|Any CPU
		{C8DCE310-76E8-4B2D-867A-EACDF2B8DCEF}.Debug|x86.ActiveCfg = Debug|Any CPU
		{C8DCE310-76E8-4B2D-867A-EACDF2B8DCEF}.Debug|x86.Build.0 = Debug|Any CPU
		{C8DCE310-76E8-4B2D-867A-EACDF2B8DCEF}.Release|Any CPU.ActiveCfg = Release|Any CPU
		{C8DCE310-76E8-4B2D-867A-EACDF2B8DCEF}.Release|Any CPU.Build.0 = Release|Any CPU
		{C8DCE310-76E8-4B2D-867A-EACDF2B8DCEF}.Release|x64.ActiveCfg = Release|Any CPU
		{C8DCE310-76E8-4B2D-867A-EACDF2B8DCEF}.Release|x64.Build.0 = Release|Any CPU
		{C8DCE310-76E8-4B2D-867A-EACDF2B8DCEF}.Release|x86.ActiveCfg = Release|Any CPU
		{C8DCE310-76E8-4B2D-867A-EACDF2B8DCEF}.Release|x86.Build.0 = Release|Any CPU
		{7699C098-B183-45F1-A9DD-9DFAB1A55E71}.Debug|Any CPU.ActiveCfg = Debug|Any CPU
		{7699C098-B183-45F1-A9DD-9DFAB1A55E71}.Debug|Any CPU.Build.0 = Debug|Any CPU
		{7699C098-B183-45F1-A9DD-9DFAB1A55E71}.Debug|x64.ActiveCfg = Debug|Any CPU
		{7699C098-B183-45F1-A9DD-9DFAB1A55E71}.Debug|x64.Build.0 = Debug|Any CPU
		{7699C098-B183-45F1-A9DD-9DFAB1A55E71}.Debug|x86.ActiveCfg = Debug|Any CPU
		{7699C098-B183-45F1-A9DD-9DFAB1A55E71}.Debug|x86.Build.0 = Debug|Any CPU
		{7699C098-B183-45F1-A9DD-9DFAB1A55E71}.Release|Any CPU.ActiveCfg = Release|Any CPU
		{7699C098-B183-45F1-A9DD-9DFAB1A55E71}.Release|Any CPU.Build.0 = Release|Any CPU
		{7699C098-B183-45F1-A9DD-9DFAB1A55E71}.Release|x64.ActiveCfg = Release|Any CPU
		{7699C098-B183-45F1-A9DD-9DFAB1A55E71}.Release|x64.Build.0 = Release|Any CPU
		{7699C098-B183-45F1-A9DD-9DFAB1A55E71}.Release|x86.ActiveCfg = Release|Any CPU
		{7699C098-B183-45F1-A9DD-9DFAB1A55E71}.Release|x86.Build.0 = Release|Any CPU
		{AEAF7817-16C1-4B0F-AB04-87508FCC9ADC}.Debug|Any CPU.ActiveCfg = Debug|Any CPU
		{AEAF7817-16C1-4B0F-AB04-87508FCC9ADC}.Debug|Any CPU.Build.0 = Debug|Any CPU
		{AEAF7817-16C1-4B0F-AB04-87508FCC9ADC}.Debug|x64.ActiveCfg = Debug|Any CPU
		{AEAF7817-16C1-4B0F-AB04-87508FCC9ADC}.Debug|x64.Build.0 = Debug|Any CPU
		{AEAF7817-16C1-4B0F-AB04-87508FCC9ADC}.Debug|x86.ActiveCfg = Debug|Any CPU
		{AEAF7817-16C1-4B0F-AB04-87508FCC9ADC}.Debug|x86.Build.0 = Debug|Any CPU
		{AEAF7817-16C1-4B0F-AB04-87508FCC9ADC}.Release|Any CPU.ActiveCfg = Release|Any CPU
		{AEAF7817-16C1-4B0F-AB04-87508FCC9ADC}.Release|Any CPU.Build.0 = Release|Any CPU
		{AEAF7817-16C1-4B0F-AB04-87508FCC9ADC}.Release|x64.ActiveCfg = Release|Any CPU
		{AEAF7817-16C1-4B0F-AB04-87508FCC9ADC}.Release|x64.Build.0 = Release|Any CPU
		{AEAF7817-16C1-4B0F-AB04-87508FCC9ADC}.Release|x86.ActiveCfg = Release|Any CPU
		{AEAF7817-16C1-4B0F-AB04-87508FCC9ADC}.Release|x86.Build.0 = Release|Any CPU
	EndGlobalSection
	GlobalSection(SolutionProperties) = preSolution
		HideSolutionNode = FALSE
	EndGlobalSection
	GlobalSection(NestedProjects) = preSolution
		{B2C28AAF-B88E-A83F-FBF4-8916CB7D29F2} = {A1A5E854-4D08-4742-9751-1A14781F00AC}
		{039E43FB-828A-49E6-84B7-8379249F32F9} = {A1A5E854-4D08-4742-9751-1A14781F00AC}
		{17C4ED5A-933E-4845-9A20-011C9B12E052} = {A1A5E854-4D08-4742-9751-1A14781F00AC}
		{84E94974-C553-4108-92A6-28202AAFFA58} = {B2C28AAF-B88E-A83F-FBF4-8916CB7D29F2}
		{8B0D97CF-2744-4FB8-86AD-D5C7A9E7C44B} = {AC37BF44-9175-0602-A29F-47563313A574}
		{8B76FBE0-2EED-4840-A627-AA19261B4418} = {FFE4705F-C3E0-C558-7E89-5CB404BB2B07}
		{E1FF272F-94B6-4DAF-B1EB-52F87515E59E} = {49614BCA-EDDD-9A45-325F-73C48AD97512}
		{36356E14-2495-06BB-DB7E-7F4E0CB160F3} = {9C865978-3D0F-EE69-3E4B-2361CC8B54AB}
		{F741C346-422E-48C6-8040-C9B7ECEDF39E} = {36356E14-2495-06BB-DB7E-7F4E0CB160F3}
		{97E95594-F1BA-4083-B2BE-AB3F793442E6} = {CEAB7D86-A552-F2AA-AE02-BB5EA7CCD2C5}
		{A79CA51C-C8A7-9168-7282-E5EBA2ABDEF3} = {901D1D3B-5469-5923-1833-84550923A779}
		{CCF12416-EBFC-4D8E-8725-996DC6A320A0} = {A79CA51C-C8A7-9168-7282-E5EBA2ABDEF3}
		{59791F10-B618-43CB-BB4F-DEA8E2AF5977} = {B4D5AD4D-8B2A-ED01-5BD0-55748C6A08E1}
		{466A254F-E348-2D0A-5656-07E8B506FC6F} = {B4D5AD4D-8B2A-ED01-5BD0-55748C6A08E1}
		{A852092F-AD81-42D8-BDDA-A745B19C2BCD} = {466A254F-E348-2D0A-5656-07E8B506FC6F}
		{9E0F3176-3849-40D9-92E2-05C601E15B8E} = {59A2B009-55A9-DD81-30AE-A9238748F188}
		{476DCB1A-5456-4A1E-B99A-175226C96B95} = {48659C4E-EA10-CA30-C6C8-D4F473664EEE}
		{5C4D2B91-4A30-4C18-BD1E-94610FB66379} = {48659C4E-EA10-CA30-C6C8-D4F473664EEE}
		{80328416-0FFA-4563-9F48-D27B95198759} = {C9990375-3A33-CC5D-8D92-1F7D563F42CB}
		{F68C9AFA-65FF-E3D7-7A93-B0A47A452B3C} = {C9990375-3A33-CC5D-8D92-1F7D563F42CB}
		{C8DCE310-76E8-4B2D-867A-EACDF2B8DCEF} = {F68C9AFA-65FF-E3D7-7A93-B0A47A452B3C}
		{E2C97C59-93C0-54FA-67CB-01BA5845A882} = {A8914C4C-2569-99E4-72FB-61AEBE5E8D19}
		{7699C098-B183-45F1-A9DD-9DFAB1A55E71} = {E2C97C59-93C0-54FA-67CB-01BA5845A882}
		{9EA366CF-0DA0-819A-BB2E-0A813518817B} = {25A8C215-5C98-9A45-475E-1D963CCD91E2}
		{AEAF7817-16C1-4B0F-AB04-87508FCC9ADC} = {9EA366CF-0DA0-819A-BB2E-0A813518817B}
	EndGlobalSection
EndGlobal
