
Microsoft Visual Studio Solution File, Format Version 12.00
Project("{2150E333-8FDC-42A3-9474-1A3956D46DE8}") = "bench", "bench", "{B2C28AAF-B88E-A83F-FBF4-8916CB7D29F2}"
EndProject
Project("{2150E333-8FDC-42A3-9474-1A3956D46DE8}") = "Solution Items", "Solution Items", "{4F31B3B2-9221-4C40-BE7F-2EF0A7D70040}"
	ProjectSection(SolutionItems) = preProject
		README.md = README.md
	EndProjectSection
EndProject
Project("{2150E333-8FDC-42A3-9474-1A3956D46DE8}") = "net11-runtime-async", "net11-runtime-async", "{A1A5E854-4D08-4742-9751-1A14781F00AC}"
	ProjectSection(SolutionItems) = preProject
		net11-runtime-async\README.md = net11-runtime-async\README.md
	EndProjectSection
EndProject
Project("{FAE04EC0-301F-11D3-BF4B-00C04F79EFBC}") = "console-net10-app", "net11-runtime-async\console-net10-app\console-net10-app.csproj", "{039E43FB-828A-49E6-84B7-8379249F32F9}"
EndProject
Project("{FAE04EC0-301F-11D3-BF4B-00C04F79EFBC}") = "console-net11-app", "net11-runtime-async\console-net11-app\console-net11-app.csproj", "{17C4ED5A-933E-4845-9A20-011C9B12E052}"
EndProject
Project("{FAE04EC0-301F-11D3-BF4B-00C04F79EFBC}") = "AsyncCases.Benchmarks", "net11-runtime-async\bench\AsyncCases.Benchmarks\AsyncCases.Benchmarks.csproj", "{84E94974-C553-4108-92A6-28202AAFFA58}"
EndProject
Project("{2150E333-8FDC-42A3-9474-1A3956D46DE8}") = "field-keyword", "field-keyword", "{AC37BF44-9175-0602-A29F-47563313A574}"
	ProjectSection(SolutionItems) = preProject
		field-keyword\README.md = field-keyword\README.md
	EndProjectSection
EndProject
Project("{FAE04EC0-301F-11D3-BF4B-00C04F79EFBC}") = "console-app", "field-keyword\console-app\console-app.csproj", "{8B0D97CF-2744-4FB8-86AD-D5C7A9E7C44B}"
EndProject
Project("{2150E333-8FDC-42A3-9474-1A3956D46DE8}") = "null-conditional-assignment", "null-conditional-assignment", "{FFE4705F-C3E0-C558-7E89-5CB404BB2B07}"
	ProjectSection(SolutionItems) = preProject
		null-conditional-assignment\README.md = null-conditional-assignment\README.md
	EndProjectSection
EndProject
Project("{FAE04EC0-301F-11D3-BF4B-00C04F79EFBC}") = "console-app", "null-conditional-assignment\console-app\console-app.csproj", "{8B76FBE0-2EED-4840-A627-AA19261B4418}"
EndProject
Project("{2150E333-8FDC-42A3-9474-1A3956D46DE8}") = "interceptors", "interceptors", "{49614BCA-EDDD-9A45-325F-73C48AD97512}"
	ProjectSection(SolutionItems) = preProject
		interceptors\README.md = interceptors\README.md
	EndProjectSection
EndProject
Project("{FAE04EC0-301F-11D3-BF4B-00C04F79EFBC}") = "console-app", "interceptors\console-app\console-app.csproj", "{E1FF272F-94B6-4DAF-B1EB-52F87515E59E}"
EndProject
Project("{2150E333-8FDC-42A3-9474-1A3956D46DE8}") = "system-threading-lock", "system-threading-lock", "{9C865978-3D0F-EE69-3E4B-2361CC8B54AB}"
	ProjectSection(SolutionItems) = preProject
		system-threading-lock\README.md = system-threading-lock\README.md
	EndProjectSection
EndProject
Project("{2150E333-8FDC-42A3-9474-1A3956D46DE8}") = "bench", "bench", "{36356E14-2495-06BB-DB7E-7F4E0CB160F3}"
EndProject
Project("{FAE04EC0-301F-11D3-BF4B-00C04F79EFBC}") = "Lock.Benchmarks", "system-threading-lock\bench\Lock.Benchmarks\Lock.Benchmarks.csproj", "{F741C346-422E-48C6-8040-C9B7ECEDF39E}"
EndProject
Project("{2150E333-8FDC-42A3-9474-1A3956D46DE8}") = "extension-members", "extension-members", "{CEAB7D86-A552-F2AA-AE02-BB5EA7CCD2C5}"
	ProjectSection(SolutionItems) = preProject
		extension-members\README.md = extension-members\README.md
	EndProjectSection
EndProject
Project("{FAE04EC0-301F-11D3-BF4B-00C04F79EFBC}") = "console-app", "extension-members\console-app\console-app.csproj", "{97E95594-F1BA-4083-B2BE-AB3F793442E6}"
EndProject
Project("{2150E333-8FDC-42A3-9474-1A3956D46DE8}") = "frozen-collections", "frozen-collections", "{901D1D3B-5469-5923-1833-84550923A779}"
	ProjectSection(SolutionItems) = preProject
		frozen-collections\README.md = frozen-collections\README.md
	EndProjectSection
EndProject
Project("{2150E333-8FDC-42A3-9474-1A3956D46DE8}") = "bench", "bench", "{A79CA51C-C8A7-9168-7282-E5EBA2ABDEF3}"
EndProject
Project("{FAE04EC0-301F-11D3-BF4B-00C04F79EFBC}") = "Frozen.Benchmarks", "frozen-collections\bench\Frozen.Benchmarks\Frozen.Benchmarks.csproj", "{CCF12416-EBFC-4D8E-8725-996DC6A320A0}"
EndProject
Project("{2150E333-8FDC-42A3-9474-1A3956D46DE8}") = "params-span", "params-span", "{B4D5AD4D-8B2A-ED01-5BD0-55748C6A08E1}"
	ProjectSection(SolutionItems) = preProject
		params-span\README.md = params-span\README.md
	EndProjectSection
EndProject
Project("{FAE04EC0-301F-11D3-BF4B-00C04F79EFBC}") = "console-app", "params-span\console-app\console-app.csproj", "{59791F10-B618-43CB-BB4F-DEA8E2AF5977}"
EndProject
Project("{2150E333-8FDC-42A3-9474-1A3956D46DE8}") = "bench", "bench", "{466A254F-E348-2D0A-5656-07E8B506FC6F}"
EndProject
Project("{FAE04EC0-301F-11D3-BF4B-00C04F79EFBC}") = "ParamsSpan.Benchmarks", "params-span\bench\ParamsSpan.Benchmarks\ParamsSpan.Benchmarks.csproj", "{A852092F-AD81-42D8-BDDA-A745B19C2BCD}"
EndProject
Project("{2150E333-8FDC-42A3-9474-1A3956D46DE8}") = "native-aot", "native-aot", "{59A2B009-55A9-DD81-30AE-A9238748F188}"
	ProjectSection(SolutionItems) = preProject
		native-aot\README.md = native-aot\README.md
	EndProjectSection
EndProject
Project("{FAE04EC0-301F-11D3-BF4B-00C04F79EFBC}") = "console-app", "native-aot\console-app\console-app.csproj", "{9E0F3176-3849-40D9-92E2-05C601E15B8E}"
EndProject
Project("{2150E333-8FDC-42A3-9474-1A3956D46DE8}") = "task-when-each", "task-when-each", "{48659C4E-EA10-CA30-C6C8-D4F473664EEE}"
	ProjectSection(SolutionItems) = preProject
		task-when-each\README.md = task-when-each\README.md
	EndProjectSection
EndProject
Project("{FAE04EC0-301F-11D3-BF4B-00C04F79EFBC}") = "console-app", "task-when-each\console-app\console-app.csproj", "{476DCB1A-5456-4A1E-B99A-175226C96B95}"
EndProject
Project("{FAE04EC0-301F-11D3-BF4B-00C04F79EFBC}") = "WhenEach.Benchmarks", "task-when-each\bench\WhenEach.Benchmarks\WhenEach.Benchmarks.csproj", "{5C4D2B91-4A30-4C18-BD1E-94610FB66379}"
EndProject
Project("{2150E333-8FDC-42A3-9474-1A3956D46DE8}") = "ref-struct-interfaces", "ref-struct-interfaces", "{C9990375-3A33-CC5D-8D92-1F7D563F42CB}"
	ProjectSection(SolutionItems) = preProject
		ref-struct-interfaces\README.md = ref-struct-interfaces\README.md
	EndProjectSection
EndProject
Project("{FAE04EC0-301F-11D3-BF4B-00C04F79EFBC}") = "console-app", "ref-struct-interfaces\console-app\console-app.csproj", "{80328416-0FFA-4563-9F48-D27B95198759}"
EndProject
Project("{2150E333-8FDC-42A3-9474-1A3956D46DE8}") = "bench", "bench", "{F68C9AFA-65FF-E3D7-7A93-B0A47A452B3C}"
EndProject
Project("{FAE04EC0-301F-11D3-BF4B-00C04F79EFBC}") = "RefStruct.Benchmarks", "ref-struct-interfaces\bench\RefStruct.Benchmarks\RefStruct.Benchmarks.csproj", "{C8DCE310-76E8-4B2D-867A-EACDF2B8DCEF}"
EndProject
Project("{2150E333-8FDC-42A3-9474-1A3956D46DE8}") = "zip-archive-improvements", "zip-archive-improvements", "{A8914C4C-2569-99E4-72FB-61AEBE5E8D19}"
	ProjectSection(SolutionItems) = preProject
		zip-archive-improvements\README.md = zip-archive-improvements\README.md
	EndProjectSection
EndProject
Project("{2150E333-8FDC-42A3-9474-1A3956D46DE8}") = "bench", "bench", "{E2C97C59-93C0-54FA-67CB-01BA5845A882}"
EndProject
Project("{FAE04EC0-301F-11D3-BF4B-00C04F79EFBC}") = "ZipArchive.Benchmarks", "zip-archive-improvements\bench\ZipArchive.Benchmarks\ZipArchive.Benchmarks.csproj", "{7699C098-B183-45F1-A9DD-9DFAB1A55E71}"
EndProject
Project("{2150E333-8FDC-42A3-9474-1A3956D46DE8}") = "search-values-string", "search-values-string", "{25A8C215-5C98-9A45-475E-1D963CCD91E2}"
	ProjectSection(SolutionItems) = preProject
		search-values-string\README.md = search-values-string\README.md
	EndProjectSection
EndProject
Project("{2150E333-8FDC-42A3-9474-1A3956D46DE8}") = "bench", "bench", "{9EA366CF-0DA0-819A-BB2E-0A813518817B}"
EndProject
Project("{FAE04EC0-301F-11D3-BF4B-00C04F79EFBC}") = "SearchValues.Benchmarks", "search-values-string\bench\SearchValues.Benchmarks\SearchValues.Benchmarks.csproj", "{AEAF7817-16C1-4B0F-AB04-87508FCC9ADC}"
EndProject
Project("{2150E333-8FDC-42A3-9474-1A3956D46DE8}") = "source-generators", "source-generators", "{A0B40856-11F1-6B37-EAAB-0DA15DF7FB73}"
	ProjectSection(SolutionItems) = preProject
		source-generators\README.md = source-generators\README.md
	EndProjectSection
EndProject
Project("{FAE04EC0-301F-11D3-BF4B-00C04F79EFBC}") = "console-app", "source-generators\console-app\console-app.csproj", "{D3F8A1B2-7C4E-4F9D-B6E5-1A2B3C4D5E6F}"
EndProject
Project("{FAE04EC0-301F-11D3-BF4B-00C04F79EFBC}") = "SourceGenerators.Generator", "source-generators\generator\SourceGenerators.Generator.csproj", "{55C286D8-811A-4517-A4E1-892F24C7B46D}"
EndProject
Project("{2150E333-8FDC-42A3-9474-1A3956D46DE8}") = "span-memory", "span-memory", "{7FF86DE3-4E58-BF41-8E1F-C99B9C17A271}"
	ProjectSection(SolutionItems) = preProject
		span-memory\README.md = span-memory\README.md
	EndProjectSection
EndProject
Project("{FAE04EC0-301F-11D3-BF4B-00C04F79EFBC}") = "console-app", "span-memory\console-app\console-app.csproj", "{BEA0C7D1-69F7-4422-9CDC-1777CA98ABF4}"
EndProject
Project("{2150E333-8FDC-42A3-9474-1A3956D46DE8}") = "bench", "bench", "{A3D3CA7B-6738-B278-DF93-DD30864603EC}"
EndProject
Project("{FAE04EC0-301F-11D3-BF4B-00C04F79EFBC}") = "SpanParsing.Benchmarks", "span-memory\bench\SpanParsing.Benchmarks\SpanParsing.Benchmarks.csproj", "{E17DD056-C9A4-4670-8B85-076FCF46E35A}"
EndProject
Project("{2150E333-8FDC-42A3-9474-1A3956D46DE8}") = "composite-format", "composite-format", "{2BA4DEE5-9C5D-6533-27D5-1E7D18FBE243}"
	ProjectSection(SolutionItems) = preProject
		composite-format\README.md = composite-format\README.md
	EndProjectSection
EndProject
Project("{2150E333-8FDC-42A3-9474-1A3956D46DE8}") = "bench", "bench", "{9AAD29A7-3108-6F33-C2B9-D2610BED34E5}"
EndProject
Project("{FAE04EC0-301F-11D3-BF4B-00C04F79EFBC}") = "CompositeFormat.Benchmarks", "composite-format\bench\CompositeFormat.Benchmarks\CompositeFormat.Benchmarks.csproj", "{BA7701BF-93B1-4D41-AC2B-CC9558BD49C4}"
EndProject
Project("{2150E333-8FDC-42A3-9474-1A3956D46DE8}") = "alternate-lookup", "alternate-lookup", "{76F41153-3654-C9EC-F216-E9D461B132B2}"
	ProjectSection(SolutionItems) = preProject
		alternate-lookup\README.md = alternate-lookup\README.md
	EndProjectSection
EndProject
Project("{FAE04EC0-301F-11D3-BF4B-00C04F79EFBC}") = "console-app", "alternate-lookup\console-app\console-app.csproj", "{54863BF0-06FD-452A-8FE3-08B3E7BFCE69}"
EndProject
Project("{2150E333-8FDC-42A3-9474-1A3956D46DE8}") = "bench", "bench", "{8D3B4263-CAC8-C3EE-EB3C-402F5DF80637}"
EndProject
Project("{FAE04EC0-301F-11D3-BF4B-00C04F79EFBC}") = "AlternateLookup.Benchmarks", "alternate-lookup\bench\AlternateLookup.Benchmarks\AlternateLookup.Benchmarks.csproj", "{17B9E083-AE90-4BC6-ADDC-FCA82B240F6C}"
EndProject
Project("{2150E333-8FDC-42A3-9474-1A3956D46DE8}") = "simd-vectorization", "simd-vectorization", "{D4ED25B2-0929-F08F-8EF1-CD4D02F1D247}"
	ProjectSection(SolutionItems) = preProject
		simd-vectorization\README.md = simd-vectorization\README.md
	EndProjectSection
EndProject
Project("{FAE04EC0-301F-11D3-BF4B-00C04F79EFBC}") = "console-app", "simd-vectorization\console-app\console-app.csproj", "{02E3EB54-1E44-4443-87A1-10C3C83A66D6}"
EndProject
Project("{2150E333-8FDC-42A3-9474-1A3956D46DE8}") = "bench", "bench", "{4EF1DD91-58C0-FC26-764A-69B235056B07}"
EndProject
Project("{FAE04EC0-301F-11D3-BF4B-00C04F79EFBC}") = "Simd.Benchmarks", "simd-vectorization\bench\Simd.Benchmarks\Simd.Benchmarks.csproj", "{64B8FAD4-2667-4793-912D-3A83E82070DD}"
EndProject
Project("{2150E333-8FDC-42A3-9474-1A3956D46DE8}") = "primary-constructors", "primary-constructors", "{E0D25E7E-C7E8-7DE2-560B-8A408C7B476A}"
	ProjectSection(SolutionItems) = preProject
		primary-constructors\README.md = primary-constructors\README.md
	EndProjectSection
EndProject
Project("{FAE04EC0-301F-11D3-BF4B-00C04F79EFBC}") = "console-app", "primary-constructors\console-app\console-app.csproj", "{F4F39187-E190-40F3-924F-035120AAE436}"
EndProject
Project("{2150E333-8FDC-42A3-9474-1A3956D46DE8}") = "collection-expressions", "collection-expressions", "{805C7CFB-0444-3789-589A-3A49C8428A44}"
	ProjectSection(SolutionItems) = preProject
		collection-expressions\README.md = collection-expressions\README.md
	EndProjectSection
EndProject
Project("{FAE04EC0-301F-11D3-BF4B-00C04F79EFBC}") = "console-app", "collection-expressions\console-app\console-app.csproj", "{860412F9-BEB0-45F8-ACBD-948476F06D6D}"
EndProject
Project("{2150E333-8FDC-42A3-9474-1A3956D46DE8}") = "bench", "bench", "{8A86AD05-5C56-7BBB-29AA-017DF00545C9}"
EndProject
Project("{FAE04EC0-301F-11D3-BF4B-00C04F79EFBC}") = "CollectionExpressions.Benchmarks", "collection-expressions\bench\CollectionExpressions.Benchmarks\CollectionExpressions.Benchmarks.csproj", "{BC68EC23-B50E-4476-B249-DB490EE3FC8B}"
EndProject
Project("{2150E333-8FDC-42A3-9474-1A3956D46DE8}") = "allows-ref-struct", "allows-ref-struct", "{133AF602-B37A-2387-3553-585D042C0532}"
	ProjectSection(SolutionItems) = preProject
		allows-ref-struct\README.md = allows-ref-struct\README.md
	EndProjectSection
EndProject
Project("{FAE04EC0-301F-11D3-BF4B-00C04F79EFBC}") = "console-app", "allows-ref-struct\console-app\console-app.csproj", "{144B441E-2AB0-455B-8F1F-92DC125DCBE7}"
EndProject
Project("{2150E333-8FDC-42A3-9474-1A3956D46DE8}") = "regex-source-generator", "regex-source-generator", "{CD722BE3-8280-0752-9B49-3365397F2684}"
	ProjectSection(SolutionItems) = preProject
		regex-source-generator\README.md = regex-source-generator\README.md
	EndProjectSection
EndProject
Project("{2150E333-8FDC-42A3-9474-1A3956D46DE8}") = "bench", "bench", "{57707F65-B010-126F-2C55-6E5AD106B4FA}"
EndProject
Project("{FAE04EC0-301F-11D3-BF4B-00C04F79EFBC}") = "RegexSourceGen.Benchmarks", "regex-source-generator\bench\RegexSourceGen.Benchmarks\RegexSourceGen.Benchmarks.csproj", "{D1A1FFCE-461E-4CC4-AD2C-9EA28EE5147E}"
EndProject
Project("{2150E333-8FDC-42A3-9474-1A3956D46DE8}") = "json-source-generator", "json-source-generator", "{12764E37-F4BC-9988-53EB-ABDFB0C3B10B}"
	ProjectSection(SolutionItems) = preProject
		json-source-generator\README.md = json-source-generator\README.md
	EndProjectSection
EndProject
Project("{FAE04EC0-301F-11D3-BF4B-00C04F79EFBC}") = "console-app", "json-source-generator\console-app\console-app.csproj", "{1E90AB63-E57E-48FA-9002-0BEBBA195051}"
EndProject
Project("{2150E333-8FDC-42A3-9474-1A3956D46DE8}") = "bench", "bench", "{ECD26F8D-0EF8-1467-9173-F4DF959157E4}"
EndProject
Project("{FAE04EC0-301F-11D3-BF4B-00C04F79EFBC}") = "JsonSourceGen.Benchmarks", "json-source-generator\bench\JsonSourceGen.Benchmarks\JsonSourceGen.Benchmarks.csproj", "{9967C106-0428-430E-A6B8-A1125843AEAF}"
EndProject
Project("{2150E333-8FDC-42A3-9474-1A3956D46DE8}") = "time-provider", "time-provider", "{35DD2C65-4D67-57E1-F687-C74D5ED55D4B}"
	ProjectSection(SolutionItems) = preProject
		time-provider\README.md = time-provider\README.md
	EndProjectSection
EndProject
Project("{FAE04EC0-301F-11D3-BF4B-00C04F79EFBC}") = "console-app", "time-provider\console-app\console-app.csproj", "{520FD0A3-DE17-4487-BEB9-242FC70FB24C}"
EndProject
Project("{2150E333-8FDC-42A3-9474-1A3956D46DE8}") = "async-enumerable-channels", "async-enumerable-channels", "{994E9C13-DF17-F908-38B4-9AAB037A3292}"
	ProjectSection(SolutionItems) = preProject
		async-enumerable-channels\README.md = async-enumerable-channels\README.md
	EndProjectSection
EndProject
Project("{FAE04EC0-301F-11D3-BF4B-00C04F79EFBC}") = "console-app", "async-enumerable-channels\console-app\console-app.csproj", "{EFC50E5A-C007-4E20-A111-DBBCCF1FFB27}"
EndProject
Project("{2150E333-8FDC-42A3-9474-1A3956D46DE8}") = "bench", "bench", "{19502318-5557-F054-253E-B85BC678295A}"
EndProject
Project("{FAE04EC0-301F-11D3-BF4B-00C04F79EFBC}") = "Channels.Benchmarks", "async-enumerable-channels\bench\Channels.Benchmarks\Channels.Benchmarks.csproj", "{43EEDD54-0C6E-4389-9534-4530D731405F}"
EndProject
Project("{2150E333-8FDC-42A3-9474-1A3956D46DE8}") = "rate-limiter", "rate-limiter", "{2E168790-6FBE-D818-47B1-A1020C03AE43}"
	ProjectSection(SolutionItems) = preProject
		rate-limiter\README.md = rate-limiter\README.md
	EndProjectSection
EndProject
Project("{FAE04EC0-301F-11D3-BF4B-00C04F79EFBC}") = "console-app", "rate-limiter\console-app\console-app.csproj", "{80B618EB-0CD2-4D78-AB34-C450218BD448}"
EndProject
Project("{2150E333-8FDC-42A3-9474-1A3956D46DE8}") = "bench", "bench", "{C69CCD96-8416-66A0-2A56-ED6F9835E396}"
EndProject
Project("{FAE04EC0-301F-11D3-BF4B-00C04F79EFBC}") = "RateLimiter.Benchmarks", "rate-limiter\bench\RateLimiter.Benchmarks\RateLimiter.Benchmarks.csproj", "{55256C33-92BE-4771-8CB1-F050CA927619}"
EndProject
Project("{2150E333-8FDC-42A3-9474-1A3956D46DE8}") = "distributed-tracing", "distributed-tracing", "{82BA2AE1-2029-E269-FAB5-D6AFB24CFF9B}"
	ProjectSection(SolutionItems) = preProject
		distributed-tracing\README.md = distributed-tracing\README.md
	EndProjectSection
EndProject
Project("{FAE04EC0-301F-11D3-BF4B-00C04F79EFBC}") = "console-app", "distributed-tracing\console-app\console-app.csproj", "{77583567-DA7E-483E-9EFF-61A34B5B2646}"
EndProject
Global
	GlobalSection(SolutionConfigurationPlatforms) = preSolution
		Debug|Any CPU = Debug|Any CPU
		Debug|x64 = Debug|x64
		Debug|x86 = Debug|x86
		Release|Any CPU = Release|Any CPU
		Release|x64 = Release|x64
		Release|x86 = Release|x86
	EndGlobalSection
	GlobalSection(ProjectConfigurationPlatforms) = postSolution
		{039E43FB-828A-49E6-84B7-8379249F32F9}.Debug|Any CPU.ActiveCfg = Debug|Any CPU
		{039E43FB-828A-49E6-84B7-8379249F32F9}.Debug|Any CPU.Build.0 = Debug|Any CPU
		{039E43FB-828A-49E6-84B7-8379249F32F9}.Debug|x64.ActiveCfg = Debug|Any CPU
		{039E43FB-828A-49E6-84B7-8379249F32F9}.Debug|x64.Build.0 = Debug|Any CPU
		{039E43FB-828A-49E6-84B7-8379249F32F9}.Debug|x86.ActiveCfg = Debug|Any CPU
		{039E43FB-828A-49E6-84B7-8379249F32F9}.Debug|x86.Build.0 = Debug|Any CPU
		{039E43FB-828A-49E6-84B7-8379249F32F9}.Release|Any CPU.ActiveCfg = Release|Any CPU
		{039E43FB-828A-49E6-84B7-8379249F32F9}.Release|Any CPU.Build.0 = Release|Any CPU
		{039E43FB-828A-49E6-84B7-8379249F32F9}.Release|x64.ActiveCfg = Release|Any CPU
		{039E43FB-828A-49E6-84B7-8379249F32F9}.Release|x64.Build.0 = Release|Any CPU
		{039E43FB-828A-49E6-84B7-8379249F32F9}.Release|x86.ActiveCfg = Release|Any CPU
		{039E43FB-828A-49E6-84B7-8379249F32F9}.Release|x86.Build.0 = Release|Any CPU
		{17C4ED5A-933E-4845-9A20-011C9B12E052}.Debug|Any CPU.ActiveCfg = Debug|Any CPU
		{17C4ED5A-933E-4845-9A20-011C9B12E052}.Debug|Any CPU.Build.0 = Debug|Any CPU
		{17C4ED5A-933E-4845-9A20-011C9B12E052}.Debug|x64.ActiveCfg = Debug|Any CPU
		{17C4ED5A-933E-4845-9A20-011C9B12E052}.Debug|x64.Build.0 = Debug|Any CPU
		{17C4ED5A-933E-4845-9A20-011C9B12E052}.Debug|x86.ActiveCfg = Debug|Any CPU
		{17C4ED5A-933E-4845-9A20-011C9B12E052}.Debug|x86.Build.0 = Debug|Any CPU
		{17C4ED5A-933E-4845-9A20-011C9B12E052}.Release|Any CPU.ActiveCfg = Release|Any CPU
		{17C4ED5A-933E-4845-9A20-011C9B12E052}.Release|Any CPU.Build.0 = Release|Any CPU
		{17C4ED5A-933E-4845-9A20-011C9B12E052}.Release|x64.ActiveCfg = Release|Any CPU
		{17C4ED5A-933E-4845-9A20-011C9B12E052}.Release|x64.Build.0 = Release|Any CPU
		{17C4ED5A-933E-4845-9A20-011C9B12E052}.Release|x86.ActiveCfg = Release|Any CPU
		{17C4ED5A-933E-4845-9A20-011C9B12E052}.Release|x86.Build.0 = Release|Any CPU
		{84E94974-C553-4108-92A6-28202AAFFA58}.Debug|Any CPU.ActiveCfg = Debug|Any CPU
		{84E94974-C553-4108-92A6-28202AAFFA58}.Debug|Any CPU.Build.0 = Debug|Any CPU
		{84E94974-C553-4108-92A6-28202AAFFA58}.Debug|x64.ActiveCfg = Debug|Any CPU
		{84E94974-C553-4108-92A6-28202AAFFA58}.Debug|x64.Build.0 = Debug|Any CPU
		{84E94974-C553-4108-92A6-28202AAFFA58}.Debug|x86.ActiveCfg = Debug|Any CPU
		{84E94974-C553-4108-92A6-28202AAFFA58}.Debug|x86.Build.0 = Debug|Any CPU
		{84E94974-C553-4108-92A6-28202AAFFA58}.Release|Any CPU.ActiveCfg = Release|Any CPU
		{84E94974-C553-4108-92A6-28202AAFFA58}.Release|Any CPU.Build.0 = Release|Any CPU
		{84E94974-C553-4108-92A6-28202AAFFA58}.Release|x64.ActiveCfg = Release|Any CPU
		{84E94974-C553-4108-92A6-28202AAFFA58}.Release|x64.Build.0 = Release|Any CPU
		{84E94974-C553-4108-92A6-28202AAFFA58}.Release|x86.ActiveCfg = Release|Any CPU
		{84E94974-C553-4108-92A6-28202AAFFA58}.Release|x86.Build.0 = Release|Any CPU
		{8B0D97CF-2744-4FB8-86AD-D5C7A9E7C44B}.Debug|Any CPU.ActiveCfg = Debug|Any CPU
		{8B0D97CF-2744-4FB8-86AD-D5C7A9E7C44B}.Debug|Any CPU.Build.0 = Debug|Any CPU
		{8B0D97CF-2744-4FB8-86AD-D5C7A9E7C44B}.Debug|x64.ActiveCfg = Debug|Any CPU
		{8B0D97CF-2744-4FB8-86AD-D5C7A9E7C44B}.Debug|x64.Build.0 = Debug|Any CPU
		{8B0D97CF-2744-4FB8-86AD-D5C7A9E7C44B}.Debug|x86.ActiveCfg = Debug|Any CPU
		{8B0D97CF-2744-4FB8-86AD-D5C7A9E7C44B}.Debug|x86.Build.0 = Debug|Any CPU
		{8B0D97CF-2744-4FB8-86AD-D5C7A9E7C44B}.Release|Any CPU.ActiveCfg = Release|Any CPU
		{8B0D97CF-2744-4FB8-86AD-D5C7A9E7C44B}.Release|Any CPU.Build.0 = Release|Any CPU
		{8B0D97CF-2744-4FB8-86AD-D5C7A9E7C44B}.Release|x64.ActiveCfg = Release|Any CPU
		{8B0D97CF-2744-4FB8-86AD-D5C7A9E7C44B}.Release|x64.Build.0 = Release|Any CPU
		{8B0D97CF-2744-4FB8-86AD-D5C7A9E7C44B}.Release|x86.ActiveCfg = Release|Any CPU
		{8B0D97CF-2744-4FB8-86AD-D5C7A9E7C44B}.Release|x86.Build.0 = Release|Any CPU
		{8B76FBE0-2EED-4840-A627-AA19261B4418}.Debug|Any CPU.ActiveCfg = Debug|Any CPU
		{8B76FBE0-2EED-4840-A627-AA19261B4418}.Debug|Any CPU.Build.0 = Debug|Any CPU
		{8B76FBE0-2EED-4840-A627-AA19261B4418}.Debug|x64.ActiveCfg = Debug|Any CPU
		{8B76FBE0-2EED-4840-A627-AA19261B4418}.Debug|x64.Build.0 = Debug|Any CPU
		{8B76FBE0-2EED-4840-A627-AA19261B4418}.Debug|x86.ActiveCfg = Debug|Any CPU
		{8B76FBE0-2EED-4840-A627-AA19261B4418}.Debug|x86.Build.0 = Debug|Any CPU
		{8B76FBE0-2EED-4840-A627-AA19261B4418}.Release|Any CPU.ActiveCfg = Release|Any CPU
		{8B76FBE0-2EED-4840-A627-AA19261B4418}.Release|Any CPU.Build.0 = Release|Any CPU
		{8B76FBE0-2EED-4840-A627-AA19261B4418}.Release|x64.ActiveCfg = Release|Any CPU
		{8B76FBE0-2EED-4840-A627-AA19261B4418}.Release|x64.Build.0 = Release|Any CPU
		{8B76FBE0-2EED-4840-A627-AA19261B4418}.Release|x86.ActiveCfg = Release|Any CPU
		{8B76FBE0-2EED-4840-A627-AA19261B4418}.Release|x86.Build.0 = Release|Any CPU
		{E1FF272F-94B6-4DAF-B1EB-52F87515E59E}.Debug|Any CPU.ActiveCfg = Debug|Any CPU
		{E1FF272F-94B6-4DAF-B1EB-52F87515E59E}.Debug|Any CPU.Build.0 = Debug|Any CPU
		{E1FF272F-94B6-4DAF-B1EB-52F87515E59E}.Debug|x64.ActiveCfg = Debug|Any CPU
		{E1FF272F-94B6-4DAF-B1EB-52F87515E59E}.Debug|x64.Build.0 = Debug|Any CPU
		{E1FF272F-94B6-4DAF-B1EB-52F87515E59E}.Debug|x86.ActiveCfg = Debug|Any CPU
		{E1FF272F-94B6-4DAF-B1EB-52F87515E59E}.Debug|x86.Build.0 = Debug|Any CPU
		{E1FF272F-94B6-4DAF-B1EB-52F87515E59E}.Release|Any CPU.ActiveCfg = Release|Any CPU
		{E1FF272F-94B6-4DAF-B1EB-52F87515E59E}.Release|Any CPU.Build.0 = Release|Any CPU
		{E1FF272F-94B6-4DAF-B1EB-52F87515E59E}.Release|x64.ActiveCfg = Release|Any CPU
		{E1FF272F-94B6-4DAF-B1EB-52F87515E59E}.Release|x64.Build.0 = Release|Any CPU
		{E1FF272F-94B6-4DAF-B1EB-52F87515E59E}.Release|x86.ActiveCfg = Release|Any CPU
		{E1FF272F-94B6-4DAF-B1EB-52F87515E59E}.Release|x86.Build.0 = Release|Any CPU
		{F741C346-422E-48C6-8040-C9B7ECEDF39E}.Debug|Any CPU.ActiveCfg = Debug|Any CPU
		{F741C346-422E-48C6-8040-C9B7ECEDF39E}.Debug|Any CPU.Build.0 = Debug|Any CPU
		{F741C346-422E-48C6-8040-C9B7ECEDF39E}.Debug|x64.ActiveCfg = Debug|Any CPU
		{F741C346-422E-48C6-8040-C9B7ECEDF39E}.Debug|x64.Build.0 = Debug|Any CPU
		{F741C346-422E-48C6-8040-C9B7ECEDF39E}.Debug|x86.ActiveCfg = Debug|Any CPU
		{F741C346-422E-48C6-8040-C9B7ECEDF39E}.Debug|x86.Build.0 = Debug|Any CPU
		{F741C346-422E-48C6-8040-C9B7ECEDF39E}.Release|Any CPU.ActiveCfg = Release|Any CPU
		{F741C346-422E-48C6-8040-C9B7ECEDF39E}.Release|Any CPU.Build.0 = Release|Any CPU
		{F741C346-422E-48C6-8040-C9B7ECEDF39E}.Release|x64.ActiveCfg = Release|Any CPU
		{F741C346-422E-48C6-8040-C9B7ECEDF39E}.Release|x64.Build.0 = Release|Any CPU
		{F741C346-422E-48C6-8040-C9B7ECEDF39E}.Release|x86.ActiveCfg = Release|Any CPU
		{F741C346-422E-48C6-8040-C9B7ECEDF39E}.Release|x86.Build.0 = Release|Any CPU
		{97E95594-F1BA-4083-B2BE-AB3F793442E6}.Debug|Any CPU.ActiveCfg = Debug|Any CPU
		{97E95594-F1BA-4083-B2BE-AB3F793442E6}.Debug|Any CPU.Build.0 = Debug|Any CPU
		{97E95594-F1BA-4083-B2BE-AB3F793442E6}.Debug|x64.ActiveCfg = Debug|Any CPU
		{97E95594-F1BA-4083-B2BE-AB3F793442E6}.Debug|x64.Build.0 = Debug|Any CPU
		{97E95594-F1BA-4083-B2BE-AB3F793442E6}.Debug|x86.ActiveCfg = Debug|Any CPU
		{97E95594-F1BA-4083-B2BE-AB3F793442E6}.Debug|x86.Build.0 = Debug|Any CPU
		{97E95594-F1BA-4083-B2BE-AB3F793442E6}.Release|Any CPU.ActiveCfg = Release|Any CPU
		{97E95594-F1BA-4083-B2BE-AB3F793442E6}.Release|Any CPU.Build.0 = Release|Any CPU
		{97E95594-F1BA-4083-B2BE-AB3F793442E6}.Release|x64.ActiveCfg = Release|Any CPU
		{97E95594-F1BA-4083-B2BE-AB3F793442E6}.Release|x64.Build.0 = Release|Any CPU
		{97E95594-F1BA-4083-B2BE-AB3F793442E6}.Release|x86.ActiveCfg = Release|Any CPU
		{97E95594-F1BA-4083-B2BE-AB3F793442E6}.Release|x86.Build.0 = Release|Any CPU
		{CCF12416-EBFC-4D8E-8725-996DC6A320A0}.Debug|Any CPU.ActiveCfg = Debug|Any CPU
		{CCF12416-EBFC-4D8E-8725-996DC6A320A0}.Debug|Any CPU.Build.0 = Debug|Any CPU
		{CCF12416-EBFC-4D8E-8725-996DC6A320A0}.Debug|x64.ActiveCfg = Debug|Any CPU
		{CCF12416-EBFC-4D8E-8725-996DC6A320A0}.Debug|x64.Build.0 = Debug|Any CPU
		{CCF12416-EBFC-4D8E-8725-996DC6A320A0}.Debug|x86.ActiveCfg = Debug|Any CPU
		{CCF12416-EBFC-4D8E-8725-996DC6A320A0}.Debug|x86.Build.0 = Debug|Any CPU
		{CCF12416-EBFC-4D8E-8725-996DC6A320A0}.Release|Any CPU.ActiveCfg = Release|Any CPU
		{CCF12416-EBFC-4D8E-8725-996DC6A320A0}.Release|Any CPU.Build.0 = Release|Any CPU
		{CCF12416-EBFC-4D8E-8725-996DC6A320A0}.Release|x64.ActiveCfg = Release|Any CPU
		{CCF12416-EBFC-4D8E-8725-996DC6A320A0}.Release|x64.Build.0 = Release|Any CPU
		{CCF12416-EBFC-4D8E-8725-996DC6A320A0}.Release|x86.ActiveCfg = Release|Any CPU
		{CCF12416-EBFC-4D8E-8725-996DC6A320A0}.Release|x86.Build.0 = Release|Any CPU
		{59791F10-B618-43CB-BB4F-DEA8E2AF5977}.Debug|Any CPU.ActiveCfg = Debug|Any CPU
		{59791F10-B618-43CB-BB4F-DEA8E2AF5977}.Debug|Any CPU.Build.0 = Debug|Any CPU
		{59791F10-B618-43CB-BB4F-DEA8E2AF5977}.Debug|x64.ActiveCfg = Debug|Any CPU
		{59791F10-B618-43CB-BB4F-DEA8E2AF5977}.Debug|x64.Build.0 = Debug|Any CPU
		{59791F10-B618-43CB-BB4F-DEA8E2AF5977}.Debug|x86.ActiveCfg = Debug|Any CPU
		{59791F10-B618-43CB-BB4F-DEA8E2AF5977}.Debug|x86.Build.0 = Debug|Any CPU
		{59791F10-B618-43CB-BB4F-DEA8E2AF5977}.Release|Any CPU.ActiveCfg = Release|Any CPU
		{59791F10-B618-43CB-BB4F-DEA8E2AF5977}.Release|Any CPU.Build.0 = Release|Any CPU
		{59791F10-B618-43CB-BB4F-DEA8E2AF5977}.Release|x64.ActiveCfg = Release|Any CPU
		{59791F10-B618-43CB-BB4F-DEA8E2AF5977}.Release|x64.Build.0 = Release|Any CPU
		{59791F10-B618-43CB-BB4F-DEA8E2AF5977}.Release|x86.ActiveCfg = Release|Any CPU
		{59791F10-B618-43CB-BB4F-DEA8E2AF5977}.Release|x86.Build.0 = Release|Any CPU
		{A852092F-AD81-42D8-BDDA-A745B19C2BCD}.Debug|Any CPU.ActiveCfg = Debug|Any CPU
		{A852092F-AD81-42D8-BDDA-A745B19C2BCD}.Debug|Any CPU.Build.0 = Debug|Any CPU
		{A852092F-AD81-42D8-BDDA-A745B19C2BCD}.Debug|x64.ActiveCfg = Debug|Any CPU
		{A852092F-AD81-42D8-BDDA-A745B19C2BCD}.Debug|x64.Build.0 = Debug|Any CPU
		{A852092F-AD81-42D8-BDDA-A745B19C2BCD}.Debug|x86.ActiveCfg = Debug|Any CPU
		{A852092F-AD81-42D8-BDDA-A745B19C2BCD}.Debug|x86.Build.0 = Debug|Any CPU
		{A852092F-AD81-42D8-BDDA-A745B19C2BCD}.Release|Any CPU.ActiveCfg = Release|Any CPU
		{A852092F-AD81-42D8-BDDA-A745B19C2BCD}.Release|Any CPU.Build.0 = Release|Any CPU
		{A852092F-AD81-42D8-BDDA-A745B19C2BCD}.Release|x64.ActiveCfg = Release|Any CPU
		{A852092F-AD81-42D8-BDDA-A745B19C2BCD}.Release|x64.Build.0 = Release|Any CPU
		{A852092F-AD81-42D8-BDDA-A745B19C2BCD}.Release|x86.ActiveCfg = Release|Any CPU
		{A852092F-AD81-42D8-BDDA-A745B19C2BCD}.Release|x86.Build.0 = Release|Any CPU
		{9E0F3176-3849-40D9-92E2-05C601E15B8E}.Debug|Any CPU.ActiveCfg = Debug|Any CPU
		{9E0F3176-3849-40D9-92E2-05C601E15B8E}.Debug|Any CPU.Build.0 = Debug|Any CPU
		{9E0F3176-3849-40D9-92E2-05C601E15B8E}.Debug|x64.ActiveCfg = Debug|Any CPU
		{9E0F3176-3849-40D9-92E2-05C601E15B8E}.Debug|x64.Build.0 = Debug|Any CPU
		{9E0F3176-3849-40D9-92E2-05C601E15B8E}.Debug|x86.ActiveCfg = Debug|Any CPU
		{9E0F3176-3849-40D9-92E2-05C601E15B8E}.Debug|x86.Build.0 = Debug|Any CPU
		{9E0F3176-3849-40D9-92E2-05C601E15B8E}.Release|Any CPU.ActiveCfg = Release|Any CPU
		{9E0F3176-3849-40D9-92E2-05C601E15B8E}.Release|Any CPU.Build.0 = Release|Any CPU
		{9E0F3176-3849-40D9-92E2-05C601E15B8E}.Release|x64.ActiveCfg = Release|Any CPU
		{9E0F3176-3849-40D9-92E2-05C601E15B8E}.Release|x64.Build.0 = Release|Any CPU
		{9E0F3176-3849-40D9-92E2-05C601E15B8E}.Release|x86.ActiveCfg = Release|Any CPU
		{9E0F3176-3849-40D9-92E2-05C601E15B8E}.Release|x86.Build.0 = Release|Any CPU
		{476DCB1A-5456-4A1E-B99A-175226C96B95}.Debug|Any CPU.ActiveCfg = Debug|Any CPU
		{476DCB1A-5456-4A1E-B99A-175226C96B95}.Debug|Any CPU.Build.0 = Debug|Any CPU
		{476DCB1A-5456-4A1E-B99A-175226C96B95}.Debug|x64.ActiveCfg = Debug|Any CPU
		{476DCB1A-5456-4A1E-B99A-175226C96B95}.Debug|x64.Build.0 = Debug|Any CPU
		{476DCB1A-5456-4A1E-B99A-175226C96B95}.Debug|x86.ActiveCfg = Debug|Any CPU
		{476DCB1A-5456-4A1E-B99A-175226C96B95}.Debug|x86.Build.0 = Debug|Any CPU
		{476DCB1A-5456-4A1E-B99A-175226C96B95}.Release|Any CPU.ActiveCfg = Release|Any CPU
		{476DCB1A-5456-4A1E-B99A-175226C96B95}.Release|Any CPU.Build.0 = Release|Any CPU
		{476DCB1A-5456-4A1E-B99A-175226C96B95}.Release|x64.ActiveCfg = Release|Any CPU
		{476DCB1A-5456-4A1E-B99A-175226C96B95}.Release|x64.Build.0 = Release|Any CPU
		{476DCB1A-5456-4A1E-B99A-175226C96B95}.Release|x86.ActiveCfg = Release|Any CPU
		{476DCB1A-5456-4A1E-B99A-175226C96B95}.Release|x86.Build.0 = Release|Any CPU
		{5C4D2B91-4A30-4C18-BD1E-94610FB66379}.Debug|Any CPU.ActiveCfg = Debug|Any CPU
		{5C4D2B91-4A30-4C18-BD1E-94610FB66379}.Debug|Any CPU.Build.0 = Debug|Any CPU
		{5C4D2B91-4A30-4C18-BD1E-94610FB66379}.Debug|x64.ActiveCfg = Debug|Any CPU
		{5C4D2B91-4A30-4C18-BD1E-94610FB66379}.Debug|x64.Build.0 = Debug|Any CPU
		{5C4D2B91-4A30-4C18-BD1E-94610FB66379}.Debug|x86.ActiveCfg = Debug|Any CPU
		{5C4D2B91-4A30-4C18-BD1E-94610FB66379}.Debug|x86.Build.0 = Debug|Any CPU
		{5C4D2B91-4A30-4C18-BD1E-94610FB66379}.Release|Any CPU.ActiveCfg = Release|Any CPU
		{5C4D2B91-4A30-4C18-BD1E-94610FB66379}.Release|Any CPU.Build.0 = Release|Any CPU
		{5C4D2B91-4A30-4C18-BD1E-94610FB66379}.Release|x64.ActiveCfg = Release|Any CPU
		{5C4D2B91-4A30-4C18-BD1E-94610FB66379}.Release|x64.Build.0 = Release|Any CPU
		{5C4D2B91-4A30-4C18-BD1E-94610FB66379}.Release|x86.ActiveCfg = Release|Any CPU
		{5C4D2B91-4A30-4C18-BD1E-94610FB66379}.Release|x86.Build.0 = Release|Any CPU
		{80328416-0FFA-4563-9F48-D27B95198759}.Debug|Any CPU.ActiveCfg = Debug|Any CPU
		{80328416-0FFA-4563-9F48-D27B95198759}.Debug|Any CPU.Build.0 = Debug|Any CPU
		{80328416-0FFA-4563-9F48-D27B95198759}.Debug|x64.ActiveCfg = Debug|Any CPU
		{80328416-0FFA-4563-9F48-D27B95198759}.Debug|x64.Build.0 = Debug|Any CPU
		{80328416-0FFA-4563-9F48-D27B95198759}.Debug|x86.ActiveCfg = Debug|Any CPU
		{80328416-0FFA-4563-9F48-D27B95198759}.Debug|x86.Build.0 = Debug|Any CPU
		{80328416-0FFA-4563-9F48-D27B95198759}.Release|Any CPU.ActiveCfg = Release|Any CPU
		{80328416-0FFA-4563-9F48-D27B95198759}.Release|Any CPU.Build.0 = Release|Any CPU
		{80328416-0FFA-4563-9F48-D27B95198759}.Release|x64.ActiveCfg = Release|Any CPU
		{80328416-0FFA-4563-9F48-D27B95198759}.Release|x64.Build.0 = Release|Any CPU
		{80328416-0FFA-4563-9F48-D27B95198759}.Release|x86.ActiveCfg = Release|Any CPU
		{80328416-0FFA-4563-9F48-D27B95198759}.Release|x86.Build.0 = Release|Any CPU
		{C8DCE310-76E8-4B2D-867A-EACDF2B8DCEF}.Debug|Any CPU.ActiveCfg = Debug|Any CPU
		{C8DCE310-76E8-4B2D-867A-EACDF2B8DCEF}.Debug|Any CPU.Build.0 = Debug|Any CPU
		{C8DCE310-76E8-4B2D-867A-EACDF2B8DCEF}.Debug|x64.ActiveCfg = Debug|Any CPU
		{C8DCE310-76E8-4B2D-867A-EACDF2B8DCEF}.Debug|x64.Build.0 = Debug|Any CPU
		{C8DCE310-76E8-4B2D-867A-EACDF2B8DCEF}.Debug|x86.ActiveCfg = Debug|Any CPU
		{C8DCE310-76E8-4B2D-867A-EACDF2B8DCEF}.Debug|x86.Build.0 = Debug|Any CPU
		{C8DCE310-76E8-4B2D-867A-EACDF2B8DCEF}.Release|Any CPU.ActiveCfg = Release|Any CPU
		{C8DCE310-76E8-4B2D-867A-EACDF2B8DCEF}.Release|Any CPU.Build.0 = Release|Any CPU
		{C8DCE310-76E8-4B2D-867A-EACDF2B8DCEF}.Release|x64.ActiveCfg = Release|Any CPU
		{C8DCE310-76E8-4B2D-867A-EACDF2B8DCEF}.Release|x64.Build.0 = Release|Any CPU
		{C8DCE310-76E8-4B2D-867A-EACDF2B8DCEF}.Release|x86.ActiveCfg = Release|Any CPU
		{C8DCE310-76E8-4B2D-867A-EACDF2B8DCEF}.Release|x86.Build.0 = Release|Any CPU
		{7699C098-B183-45F1-A9DD-9DFAB1A55E71}.Debug|Any CPU.ActiveCfg = Debug|Any CPU
		{7699C098-B183-45F1-A9DD-9DFAB1A55E71}.Debug|Any CPU.Build.0 = Debug|Any CPU
		{7699C098-B183-45F1-A9DD-9DFAB1A55E71}.Debug|x64.ActiveCfg = Debug|Any CPU
		{7699C098-B183-45F1-A9DD-9DFAB1A55E71}.Debug|x64.Build.0 = Debug|Any CPU
		{7699C098-B183-45F1-A9DD-9DFAB1A55E71}.Debug|x86.ActiveCfg = Debug|Any CPU
		{7699C098-B183-45F1-A9DD-9DFAB1A55E71}.Debug|x86.Build.0 = Debug|Any CPU
		{7699C098-B183-45F1-A9DD-9DFAB1A55E71}.Release|Any CPU.ActiveCfg = Release|Any CPU
		{7699C098-B183-45F1-A9DD-9DFAB1A55E71}.Release|Any CPU.Build.0 = Release|Any CPU
		{7699C098-B183-45F1-A9DD-9DFAB1A55E71}.Release|x64.ActiveCfg = Release|Any CPU
		{7699C098-B183-45F1-A9DD-9DFAB1A55E71}.Release|x64.Build.0 = Release|Any CPU
		{7699C098-B183-45F1-A9DD-9DFAB1A55E71}.Release|x86.ActiveCfg = Release|Any CPU
		{7699C098-B183-45F1-A9DD-9DFAB1A55E71}.Release|x86.Build.0 = Release|Any CPU
		{AEAF7817-16C1-4B0F-AB04-87508FCC9ADC}.Debug|Any CPU.ActiveCfg = Debug|Any CPU
		{AEAF7817-16C1-4B0F-AB04-87508FCC9ADC}.Debug|Any CPU.Build.0 = Debug|Any CPU
		{AEAF7817-16C1-4B0F-AB04-87508FCC9ADC}.Debug|x64.ActiveCfg = Debug|Any CPU
		{AEAF7817-16C1-4B0F-AB04-87508FCC9ADC}.Debug|x64.Build.0 = Debug|Any CPU
		{AEAF7817-16C1-4B0F-AB04-87508FCC9ADC}.Debug|x86.ActiveCfg = Debug|Any CPU
		{AEAF7817-16C1-4B0F-AB04-87508FCC9ADC}.Debug|x86.Build.0 = Debug|Any CPU
		{AEAF7817-16C1-4B0F-AB04-87508FCC9ADC}.Release|Any CPU.ActiveCfg = Release|Any CPU
		{AEAF7817-16C1-4B0F-AB04-87508FCC9ADC}.Release|Any CPU.Build.0 = Release|Any CPU
		{AEAF7817-16C1-4B0F-AB04-87508FCC9ADC}.Release|x64.ActiveCfg = Release|Any CPU
		{AEAF7817-16C1-4B0F-AB04-87508FCC9ADC}.Release|x64.Build.0 = Release|Any CPU
		{AEAF7817-16C1-4B0F-AB04-87508FCC9ADC}.Release|x86.ActiveCfg = Release|Any CPU
		{AEAF7817-16C1-4B0F-AB04-87508FCC9ADC}.Release|x86.Build.0 = Release|Any CPU
		{D3F8A1B2-7C4E-4F9D-B6E5-1A2B3C4D5E6F}.Debug|Any CPU.ActiveCfg = Debug|Any CPU
		{D3F8A1B2-7C4E-4F9D-B6E5-1A2B3C4D5E6F}.Debug|Any CPU.Build.0 = Debug|Any CPU
		{D3F8A1B2-7C4E-4F9D-B6E5-1A2B3C4D5E6F}.Debug|x64.ActiveCfg = Debug|Any CPU
		{D3F8A1B2-7C4E-4F9D-B6E5-1A2B3C4D5E6F}.Debug|x64.Build.0 = Debug|Any CPU
		{D3F8A1B2-7C4E-4F9D-B6E5-1A2B3C4D5E6F}.Debug|x86.ActiveCfg = Debug|Any CPU
		{D3F8A1B2-7C4E-4F9D-B6E5-1A2B3C4D5E6F}.Debug|x86.Build.0 = Debug|Any CPU
		{D3F8A1B2-7C4E-4F9D-B6E5-1A2B3C4D5E6F}.Release|Any CPU.ActiveCfg = Release|Any CPU
		{D3F8A1B2-7C4E-4F9D-B6E5-1A2B3C4D5E6F}.Release|Any CPU.Build.0 = Release|Any CPU
		{D3F8A1B2-7C4E-4F9D-B6E5-1A2B3C4D5E6F}.Release|x64.ActiveCfg = Release|Any CPU
		{D3F8A1B2-7C4E-4F9D-B6E5-1A2B3C4D5E6F}.Release|x64.Build.0 = Release|Any CPU
		{D3F8A1B2-7C4E-4F9D-B6E5-1A2B3C4D5E6F}.Release|x86.ActiveCfg = Release|Any CPU
		{D3F8A1B2-7C4E-4F9D-B6E5-1A2B3C4D5E6F}.Release|x86.Build.0 = Release|Any CPU
		{55C286D8-811A-4517-A4E1-892F24C7B46D}.Debug|Any CPU.ActiveCfg = Debug|Any CPU
		{55C286D8-811A-4517-A4E1-892F24C7B46D}.Debug|Any CPU.Build.0 = Debug|Any CPU
		{55C286D8-811A-4517-A4E1-892F24C7B46D}.Debug|x64.ActiveCfg = Debug|Any CPU
		{55C286D8-811A-4517-A4E1-892F24C7B46D}.Debug|x64.Build.0 = Debug|Any CPU
		{55C286D8-811A-4517-A4E1-892F24C7B46D}.Debug|x86.ActiveCfg = Debug|Any CPU
		{55C286D8-811A-4517-A4E1-892F24C7B46D}.Debug|x86.Build.0 = Debug|Any CPU
		{55C286D8-811A-4517-A4E1-892F24C7B46D}.Release|Any CPU.ActiveCfg = Release|Any CPU
		{55C286D8-811A-4517-A4E1-892F24C7B46D}.Release|Any CPU.Build.0 = Release|Any CPU
		{55C286D8-811A-4517-A4E1-892F24C7B46D}.Release|x64.ActiveCfg = Release|Any CPU
		{55C286D8-811A-4517-A4E1-892F24C7B46D}.Release|x64.Build.0 = Release|Any CPU
		{55C286D8-811A-4517-A4E1-892F24C7B46D}.Release|x86.ActiveCfg = Release|Any CPU
		{55C286D8-811A-4517-A4E1-892F24C7B46D}.Release|x86.Build.0 = Release|Any CPU
		{BEA0C7D1-69F7-4422-9CDC-1777CA98ABF4}.Debug|Any CPU.ActiveCfg = Debug|Any CPU
		{BEA0C7D1-69F7-4422-9CDC-1777CA98ABF4}.Debug|Any CPU.Build.0 = Debug|Any CPU
		{BEA0C7D1-69F7-4422-9CDC-1777CA98ABF4}.Debug|x64.ActiveCfg = Debug|Any CPU
		{BEA0C7D1-69F7-4422-9CDC-1777CA98ABF4}.Debug|x64.Build.0 = Debug|Any CPU
		{BEA0C7D1-69F7-4422-9CDC-1777CA98ABF4}.Debug|x86.ActiveCfg = Debug|Any CPU
		{BEA0C7D1-69F7-4422-9CDC-1777CA98ABF4}.Debug|x86.Build.0 = Debug|Any CPU
		{BEA0C7D1-69F7-4422-9CDC-1777CA98ABF4}.Release|Any CPU.ActiveCfg = Release|Any CPU
		{BEA0C7D1-69F7-4422-9CDC-1777CA98ABF4}.Release|Any CPU.Build.0 = Release|Any CPU
		{BEA0C7D1-69F7-4422-9CDC-1777CA98ABF4}.Release|x64.ActiveCfg = Release|Any CPU
		{BEA0C7D1-69F7-4422-9CDC-1777CA98ABF4}.Release|x64.Build.0 = Release|Any CPU
		{BEA0C7D1-69F7-4422-9CDC-1777CA98ABF4}.Release|x86.ActiveCfg = Release|Any CPU
		{BEA0C7D1-69F7-4422-9CDC-1777CA98ABF4}.Release|x86.Build.0 = Release|Any CPU
		{E17DD056-C9A4-4670-8B85-076FCF46E35A}.Debug|Any CPU.ActiveCfg = Debug|Any CPU
		{E17DD056-C9A4-4670-8B85-076FCF46E35A}.Debug|Any CPU.Build.0 = Debug|Any CPU
		{E17DD056-C9A4-4670-8B85-076FCF46E35A}.Debug|x64.ActiveCfg = Debug|Any CPU
		{E17DD056-C9A4-4670-8B85-076FCF46E35A}.Debug|x64.Build.0 = Debug|Any CPU
		{E17DD056-C9A4-4670-8B85-076FCF46E35A}.Debug|x86.ActiveCfg = Debug|Any CPU
		{E17DD056-C9A4-4670-8B85-076FCF46E35A}.Debug|x86.Build.0 = Debug|Any CPU
		{E17DD056-C9A4-4670-8B85-076FCF46E35A}.Release|Any CPU.ActiveCfg = Release|Any CPU
		{E17DD056-C9A4-4670-8B85-076FCF46E35A}.Release|Any CPU.Build.0 = Release|Any CPU
		{E17DD056-C9A4-4670-8B85-076FCF46E35A}.Release|x64.ActiveCfg = Release|Any CPU
		{E17DD056-C9A4-4670-8B85-076FCF46E35A}.Release|x64.Build.0 = Release|Any CPU
		{E17DD056-C9A4-4670-8B85-076FCF46E35A}.Release|x86.ActiveCfg = Release|Any CPU
		{E17DD056-C9A4-4670-8B85-076FCF46E35A}.Release|x86.Build.0 = Release|Any CPU
		{BA7701BF-93B1-4D41-AC2B-CC9558BD49C4}.Debug|Any CPU.ActiveCfg = Debug|Any CPU
		{BA7701BF-93B1-4D41-AC2B-CC9558BD49C4}.Debug|Any CPU.Build.0 = Debug|Any CPU
		{BA7701BF-93B1-4D41-AC2B-CC9558BD49C4}.Debug|x64.ActiveCfg = Debug|Any CPU
		{BA7701BF-93B1-4D41-AC2B-CC9558BD49C4}.Debug|x64.Build.0 = Debug|Any CPU
		{BA7701BF-93B1-4D41-AC2B-CC9558BD49C4}.Debug|x86.ActiveCfg = Debug|Any CPU
		{BA7701BF-93B1-4D41-AC2B-CC9558BD49C4}.Debug|x86.Build.0 = Debug|Any CPU
		{BA7701BF-93B1-4D41-AC2B-CC9558BD49C4}.Release|Any CPU.ActiveCfg = Release|Any CPU
		{BA7701BF-93B1-4D41-AC2B-CC9558BD49C4}.Release|Any CPU.Build.0 = Release|Any CPU
		{BA7701BF-93B1-4D41-AC2B-CC9558BD49C4}.Release|x64.ActiveCfg = Release|Any CPU
		{BA7701BF-93B1-4D41-AC2B-CC9558BD49C4}.Release|x64.Build.0 = Release|Any CPU
		{BA7701BF-93B1-4D41-AC2B-CC9558BD49C4}.Release|x86.ActiveCfg = Release|Any CPU
		{BA7701BF-93B1-4D41-AC2B-CC9558BD49C4}.Release|x86.Build.0 = Release|Any CPU
		{54863BF0-06FD-452A-8FE3-08B3E7BFCE69}.Debug|Any CPU.ActiveCfg = Debug|Any CPU
		{54863BF0-06FD-452A-8FE3-08B3E7BFCE69}.Debug|Any CPU.Build.0 = Debug|Any CPU
		{54863BF0-06FD-452A-8FE3-08B3E7BFCE69}.Debug|x64.ActiveCfg = Debug|Any CPU
		{54863BF0-06FD-452A-8FE3-08B3E7BFCE69}.Debug|x64.Build.0 = Debug|Any CPU
		{54863BF0-06FD-452A-8FE3-08B3E7BFCE69}.Debug|x86.ActiveCfg = Debug|Any CPU
		{54863BF0-06FD-452A-8FE3-08B3E7BFCE69}.Debug|x86.Build.0 = Debug|Any CPU
		{54863BF0-06FD-452A-8FE3-08B3E7BFCE69}.Release|Any CPU.ActiveCfg = Release|Any CPU
		{54863BF0-06FD-452A-8FE3-08B3E7BFCE69}.Release|Any CPU.Build.0 = Release|Any CPU
		{54863BF0-06FD-452A-8FE3-08B3E7BFCE69}.Release|x64.ActiveCfg = Release|Any CPU
		{54863BF0-06FD-452A-8FE3-08B3E7BFCE69}.Release|x64.Build.0 = Release|Any CPU
		{54863BF0-06FD-452A-8FE3-08B3E7BFCE69}.Release|x86.ActiveCfg = Release|Any CPU
		{54863BF0-06FD-452A-8FE3-08B3E7BFCE69}.Release|x86.Build.0 = Release|Any CPU
		{17B9E083-AE90-4BC6-ADDC-FCA82B240F6C}.Debug|Any CPU.ActiveCfg = Debug|Any CPU
		{17B9E083-AE90-4BC6-ADDC-FCA82B240F6C}.Debug|Any CPU.Build.0 = Debug|Any CPU
		{17B9E083-AE90-4BC6-ADDC-FCA82B240F6C}.Debug|x64.ActiveCfg = Debug|Any CPU
		{17B9E083-AE90-4BC6-ADDC-FCA82B240F6C}.Debug|x64.Build.0 = Debug|Any CPU
		{17B9E083-AE90-4BC6-ADDC-FCA82B240F6C}.Debug|x86.ActiveCfg = Debug|Any CPU
		{17B9E083-AE90-4BC6-ADDC-FCA82B240F6C}.Debug|x86.Build.0 = Debug|Any CPU
		{17B9E083-AE90-4BC6-ADDC-FCA82B240F6C}.Release|Any CPU.ActiveCfg = Release|Any CPU
		{17B9E083-AE90-4BC6-ADDC-FCA82B240F6C}.Release|Any CPU.Build.0 = Release|Any CPU
		{17B9E083-AE90-4BC6-ADDC-FCA82B240F6C}.Release|x64.ActiveCfg = Release|Any CPU
		{17B9E083-AE90-4BC6-ADDC-FCA82B240F6C}.Release|x64.Build.0 = Release|Any CPU
		{17B9E083-AE90-4BC6-ADDC-FCA82B240F6C}.Release|x86.ActiveCfg = Release|Any CPU
		{17B9E083-AE90-4BC6-ADDC-FCA82B240F6C}.Release|x86.Build.0 = Release|Any CPU
		{02E3EB54-1E44-4443-87A1-10C3C83A66D6}.Debug|Any CPU.ActiveCfg = Debug|Any CPU
		{02E3EB54-1E44-4443-87A1-10C3C83A66D6}.Debug|Any CPU.Build.0 = Debug|Any CPU
		{02E3EB54-1E44-4443-87A1-10C3C83A66D6}.Debug|x64.ActiveCfg = Debug|Any CPU
		{02E3EB54-1E44-4443-87A1-10C3C83A66D6}.Debug|x64.Build.0 = Debug|Any CPU
		{02E3EB54-1E44-4443-87A1-10C3C83A66D6}.Debug|x86.ActiveCfg = Debug|Any CPU
		{02E3EB54-1E44-4443-87A1-10C3C83A66D6}.Debug|x86.Build.0 = Debug|Any CPU
		{02E3EB54-1E44-4443-87A1-10C3C83A66D6}.Release|Any CPU.ActiveCfg = Release|Any CPU
		{02E3EB54-1E44-4443-87A1-10C3C83A66D6}.Release|Any CPU.Build.0 = Release|Any CPU
		{02E3EB54-1E44-4443-87A1-10C3C83A66D6}.Release|x64.ActiveCfg = Release|Any CPU
		{02E3EB54-1E44-4443-87A1-10C3C83A66D6}.Release|x64.Build.0 = Release|Any CPU
		{02E3EB54-1E44-4443-87A1-10C3C83A66D6}.Release|x86.ActiveCfg = Release|Any CPU
		{02E3EB54-1E44-4443-87A1-10C3C83A66D6}.Release|x86.Build.0 = Release|Any CPU
		{64B8FAD4-2667-4793-912D-3A83E82070DD}.Debug|Any CPU.ActiveCfg = Debug|Any CPU
		{64B8FAD4-2667-4793-912D-3A83E82070DD}.Debug|Any CPU.Build.0 = Debug|Any CPU
		{64B8FAD4-2667-4793-912D-3A83E82070DD}.Debug|x64.ActiveCfg = Debug|Any CPU
		{64B8FAD4-2667-4793-912D-3A83E82070DD}.Debug|x64.Build.0 = Debug|Any CPU
		{64B8FAD4-2667-4793-912D-3A83E82070DD}.Debug|x86.ActiveCfg = Debug|Any CPU
		{64B8FAD4-2667-4793-912D-3A83E82070DD}.Debug|x86.Build.0 = Debug|Any CPU
		{64B8FAD4-2667-4793-912D-3A83E82070DD}.Release|Any CPU.ActiveCfg = Release|Any CPU
		{64B8FAD4-2667-4793-912D-3A83E82070DD}.Release|Any CPU.Build.0 = Release|Any CPU
		{64B8FAD4-2667-4793-912D-3A83E82070DD}.Release|x64.ActiveCfg = Release|Any CPU
		{64B8FAD4-2667-4793-912D-3A83E82070DD}.Release|x64.Build.0 = Release|Any CPU
		{64B8FAD4-2667-4793-912D-3A83E82070DD}.Release|x86.ActiveCfg = Release|Any CPU
		{64B8FAD4-2667-4793-912D-3A83E82070DD}.Release|x86.Build.0 = Release|Any CPU
		{F4F39187-E190-40F3-924F-035120AAE436}.Debug|Any CPU.ActiveCfg = Debug|Any CPU
		{F4F39187-E190-40F3-924F-035120AAE436}.Debug|Any CPU.Build.0 = Debug|Any CPU
		{F4F39187-E190-40F3-924F-035120AAE436}.Debug|x64.ActiveCfg = Debug|Any CPU
		{F4F39187-E190-40F3-924F-035120AAE436}.Debug|x64.Build.0 = Debug|Any CPU
		{F4F39187-E190-40F3-924F-035120AAE436}.Debug|x86.ActiveCfg = Debug|Any CPU
		{F4F39187-E190-40F3-924F-035120AAE436}.Debug|x86.Build.0 = Debug|Any CPU
		{F4F39187-E190-40F3-924F-035120AAE436}.Release|Any CPU.ActiveCfg = Release|Any CPU
		{F4F39187-E190-40F3-924F-035120AAE436}.Release|Any CPU.Build.0 = Release|Any CPU
		{F4F39187-E190-40F3-924F-035120AAE436}.Release|x64.ActiveCfg = Release|Any CPU
		{F4F39187-E190-40F3-924F-035120AAE436}.Release|x64.Build.0 = Release|Any CPU
		{F4F39187-E190-40F3-924F-035120AAE436}.Release|x86.ActiveCfg = Release|Any CPU
		{F4F39187-E190-40F3-924F-035120AAE436}.Release|x86.Build.0 = Release|Any CPU
		{860412F9-BEB0-45F8-ACBD-948476F06D6D}.Debug|Any CPU.ActiveCfg = Debug|Any CPU
		{860412F9-BEB0-45F8-ACBD-948476F06D6D}.Debug|Any CPU.Build.0 = Debug|Any CPU
		{860412F9-BEB0-45F8-ACBD-948476F06D6D}.Debug|x64.ActiveCfg = Debug|Any CPU
		{860412F9-BEB0-45F8-ACBD-948476F06D6D}.Debug|x64.Build.0 = Debug|Any CPU
		{860412F9-BEB0-45F8-ACBD-948476F06D6D}.Debug|x86.ActiveCfg = Debug|Any CPU
		{860412F9-BEB0-45F8-ACBD-948476F06D6D}.Debug|x86.Build.0 = Debug|Any CPU
		{860412F9-BEB0-45F8-ACBD-948476F06D6D}.Release|Any CPU.ActiveCfg = Release|Any CPU
		{860412F9-BEB0-45F8-ACBD-948476F06D6D}.Release|Any CPU.Build.0 = Release|Any CPU
		{860412F9-BEB0-45F8-ACBD-948476F06D6D}.Release|x64.ActiveCfg = Release|Any CPU
		{860412F9-BEB0-45F8-ACBD-948476F06D6D}.Release|x64.Build.0 = Release|Any CPU
		{860412F9-BEB0-45F8-ACBD-948476F06D6D}.Release|x86.ActiveCfg = Release|Any CPU
		{860412F9-BEB0-45F8-ACBD-948476F06D6D}.Release|x86.Build.0 = Release|Any CPU
		{BC68EC23-B50E-4476-B249-DB490EE3FC8B}.Debug|Any CPU.ActiveCfg = Debug|Any CPU
		{BC68EC23-B50E-4476-B249-DB490EE3FC8B}.Debug|Any CPU.Build.0 = Debug|Any CPU
		{BC68EC23-B50E-4476-B249-DB490EE3FC8B}.Debug|x64.ActiveCfg = Debug|Any CPU
		{BC68EC23-B50E-4476-B249-DB490EE3FC8B}.Debug|x64.Build.0 = Debug|Any CPU
		{BC68EC23-B50E-4476-B249-DB490EE3FC8B}.Debug|x86.ActiveCfg = Debug|Any CPU
		{BC68EC23-B50E-4476-B249-DB490EE3FC8B}.Debug|x86.Build.0 = Debug|Any CPU
		{BC68EC23-B50E-4476-B249-DB490EE3FC8B}.Release|Any CPU.ActiveCfg = Release|Any CPU
		{BC68EC23-B50E-4476-B249-DB490EE3FC8B}.Release|Any CPU.Build.0 = Release|Any CPU
		{BC68EC23-B50E-4476-B249-DB490EE3FC8B}.Release|x64.ActiveCfg = Release|Any CPU
		{BC68EC23-B50E-4476-B249-DB490EE3FC8B}.Release|x64.Build.0 = Release|Any CPU
		{BC68EC23-B50E-4476-B249-DB490EE3FC8B}.Release|x86.ActiveCfg = Release|Any CPU
		{BC68EC23-B50E-4476-B249-DB490EE3FC8B}.Release|x86.Build.0 = Release|Any CPU
		{144B441E-2AB0-455B-8F1F-92DC125DCBE7}.Debug|Any CPU.ActiveCfg = Debug|Any CPU
		{144B441E-2AB0-455B-8F1F-92DC125DCBE7}.Debug|Any CPU.Build.0 = Debug|Any CPU
		{144B441E-2AB0-455B-8F1F-92DC125DCBE7}.Debug|x64.ActiveCfg = Debug|Any CPU
		{144B441E-2AB0-455B-8F1F-92DC125DCBE7}.Debug|x64.Build.0 = Debug|Any CPU
		{144B441E-2AB0-455B-8F1F-92DC125DCBE7}.Debug|x86.ActiveCfg = Debug|Any CPU
		{144B441E-2AB0-455B-8F1F-92DC125DCBE7}.Debug|x86.Build.0 = Debug|Any CPU
		{144B441E-2AB0-455B-8F1F-92DC125DCBE7}.Release|Any CPU.ActiveCfg = Release|Any CPU
		{144B441E-2AB0-455B-8F1F-92DC125DCBE7}.Release|Any CPU.Build.0 = Release|Any CPU
		{144B441E-2AB0-455B-8F1F-92DC125DCBE7}.Release|x64.ActiveCfg = Release|Any CPU
		{144B441E-2AB0-455B-8F1F-92DC125DCBE7}.Release|x64.Build.0 = Release|Any CPU
		{144B441E-2AB0-455B-8F1F-92DC125DCBE7}.Release|x86.ActiveCfg = Release|Any CPU
		{144B441E-2AB0-455B-8F1F-92DC125DCBE7}.Release|x86.Build.0 = Release|Any CPU
		{D1A1FFCE-461E-4CC4-AD2C-9EA28EE5147E}.Debug|Any CPU.ActiveCfg = Debug|Any CPU
		{D1A1FFCE-461E-4CC4-AD2C-9EA28EE5147E}.Debug|Any CPU.Build.0 = Debug|Any CPU
		{D1A1FFCE-461E-4CC4-AD2C-9EA28EE5147E}.Debug|x64.ActiveCfg = Debug|Any CPU
		{D1A1FFCE-461E-4CC4-AD2C-9EA28EE5147E}.Debug|x64.Build.0 = Debug|Any CPU
		{D1A1FFCE-461E-4CC4-AD2C-9EA28EE5147E}.Debug|x86.ActiveCfg = Debug|Any CPU
		{D1A1FFCE-461E-4CC4-AD2C-9EA28EE5147E}.Debug|x86.Build.0 = Debug|Any CPU
		{D1A1FFCE-461E-4CC4-AD2C-9EA28EE5147E}.Release|Any CPU.ActiveCfg = Release|Any CPU
		{D1A1FFCE-461E-4CC4-AD2C-9EA28EE5147E}.Release|Any CPU.Build.0 = Release|Any CPU
		{D1A1FFCE-461E-4CC4-AD2C-9EA28EE5147E}.Release|x64.ActiveCfg = Release|Any CPU
		{D1A1FFCE-461E-4CC4-AD2C-9EA28EE5147E}.Release|x64.Build.0 = Release|Any CPU
		{D1A1FFCE-461E-4CC4-AD2C-9EA28EE5147E}.Release|x86.ActiveCfg = Release|Any CPU
		{D1A1FFCE-461E-4CC4-AD2C-9EA28EE5147E}.Release|x86.Build.0 = Release|Any CPU
		{1E90AB63-E57E-48FA-9002-0BEBBA195051}.Debug|Any CPU.ActiveCfg = Debug|Any CPU
		{1E90AB63-E57E-48FA-9002-0BEBBA195051}.Debug|Any CPU.Build.0 = Debug|Any CPU
		{1E90AB63-E57E-48FA-9002-0BEBBA195051}.Debug|x64.ActiveCfg = Debug|Any CPU
		{1E90AB63-E57E-48FA-9002-0BEBBA195051}.Debug|x64.Build.0 = Debug|Any CPU
		{1E90AB63-E57E-48FA-9002-0BEBBA195051}.Debug|x86.ActiveCfg = Debug|Any CPU
		{1E90AB63-E57E-48FA-9002-0BEBBA195051}.Debug|x86.Build.0 = Debug|Any CPU
		{1E90AB63-E57E-48FA-9002-0BEBBA195051}.Release|Any CPU.ActiveCfg = Release|Any CPU
		{1E90AB63-E57E-48FA-9002-0BEBBA195051}.Release|Any CPU.Build.0 = Release|Any CPU
		{1E90AB63-E57E-48FA-9002-0BEBBA195051}.Release|x64.ActiveCfg = Release|Any CPU
		{1E90AB63-E57E-48FA-9002-0BEBBA195051}.Release|x64.Build.0 = Release|Any CPU
		{1E90AB63-E57E-48FA-9002-0BEBBA195051}.Release|x86.ActiveCfg = Release|Any CPU
		{1E90AB63-E57E-48FA-9002-0BEBBA195051}.Release|x86.Build.0 = Release|Any CPU
		{9967C106-0428-430E-A6B8-A1125843AEAF}.Debug|Any CPU.ActiveCfg = Debug|Any CPU
		{9967C106-0428-430E-A6B8-A1125843AEAF}.Debug|Any CPU.Build.0 = Debug|Any CPU
		{9967C106-0428-430E-A6B8-A1125843AEAF}.Debug|x64.ActiveCfg = Debug|Any CPU
		{9967C106-0428-430E-A6B8-A1125843AEAF}.Debug|x64.Build.0 = Debug|Any CPU
		{9967C106-0428-430E-A6B8-A1125843AEAF}.Debug|x86.ActiveCfg = Debug|Any CPU
		{9967C106-0428-430E-A6B8-A1125843AEAF}.Debug|x86.Build.0 = Debug|Any CPU
		{9967C106-0428-430E-A6B8-A1125843AEAF}.Release|Any CPU.ActiveCfg = Release|Any CPU
		{9967C106-0428-430E-A6B8-A1125843AEAF}.Release|Any CPU.Build.0 = Release|Any CPU
		{9967C106-0428-430E-A6B8-A1125843AEAF}.Release|x64.ActiveCfg = Release|Any CPU
		{9967C106-0428-430E-A6B8-A1125843AEAF}.Release|x64.Build.0 = Release|Any CPU
		{9967C106-0428-430E-A6B8-A1125843AEAF}.Release|x86.ActiveCfg = Release|Any CPU
		{9967C106-0428-430E-A6B8-A1125843AEAF}.Release|x86.Build.0 = Release|Any CPU
		{520FD0A3-DE17-4487-BEB9-242FC70FB24C}.Debug|Any CPU.ActiveCfg = Debug|Any CPU
		{520FD0A3-DE17-4487-BEB9-242FC70FB24C}.Debug|Any CPU.Build.0 = Debug|Any CPU
		{520FD0A3-DE17-4487-BEB9-242FC70FB24C}.Debug|x64.ActiveCfg = Debug|Any CPU
		{520FD0A3-DE17-4487-BEB9-242FC70FB24C}.Debug|x64.Build.0 = Debug|Any CPU
		{520FD0A3-DE17-4487-BEB9-242FC70FB24C}.Debug|x86.ActiveCfg = Debug|Any CPU
		{520FD0A3-DE17-4487-BEB9-242FC70FB24C}.Debug|x86.Build.0 = Debug|Any CPU
		{520FD0A3-DE17-4487-BEB9-242FC70FB24C}.Release|Any CPU.ActiveCfg = Release|Any CPU
		{520FD0A3-DE17-4487-BEB9-242FC70FB24C}.Release|Any CPU.Build.0 = Release|Any CPU
		{520FD0A3-DE17-4487-BEB9-242FC70FB24C}.Release|x64.ActiveCfg = Release|Any CPU
		{520FD0A3-DE17-4487-BEB9-242FC70FB24C}.Release|x64.Build.0 = Release|Any CPU
		{520FD0A3-DE17-4487-BEB9-242FC70FB24C}.Release|x86.ActiveCfg = Release|Any CPU
		{520FD0A3-DE17-4487-BEB9-242FC70FB24C}.Release|x86.Build.0 = Release|Any CPU
		{EFC50E5A-C007-4E20-A111-DBBCCF1FFB27}.Debug|Any CPU.ActiveCfg = Debug|Any CPU
		{EFC50E5A-C007-4E20-A111-DBBCCF1FFB27}.Debug|Any CPU.Build.0 = Debug|Any CPU
		{EFC50E5A-C007-4E20-A111-DBBCCF1FFB27}.Debug|x64.ActiveCfg = Debug|Any CPU
		{EFC50E5A-C007-4E20-A111-DBBCCF1FFB27}.Debug|x64.Build.0 = Debug|Any CPU
		{EFC50E5A-C007-4E20-A111-DBBCCF1FFB27}.Debug|x86.ActiveCfg = Debug|Any CPU
		{EFC50E5A-C007-4E20-A111-DBBCCF1FFB27}.Debug|x86.Build.0 = Debug|Any CPU
		{EFC50E5A-C007-4E20-A111-DBBCCF1FFB27}.Release|Any CPU.ActiveCfg = Release|Any CPU
		{EFC50E5A-C007-4E20-A111-DBBCCF1FFB27}.Release|Any CPU.Build.0 = Release|Any CPU
		{EFC50E5A-C007-4E20-A111-DBBCCF1FFB27}.Release|x64.ActiveCfg = Release|Any CPU
		{EFC50E5A-C007-4E20-A111-DBBCCF1FFB27}.Release|x64.Build.0 = Release|Any CPU
		{EFC50E5A-C007-4E20-A111-DBBCCF1FFB27}.Release|x86.ActiveCfg = Release|Any CPU
		{EFC50E5A-C007-4E20-A111-DBBCCF1FFB27}.Release|x86.Build.0 = Release|Any CPU
		{43EEDD54-0C6E-4389-9534-4530D731405F}.Debug|Any CPU.ActiveCfg = Debug|Any CPU
		{43EEDD54-0C6E-4389-9534-4530D731405F}.Debug|Any CPU.Build.0 = Debug|Any CPU
		{43EEDD54-0C6E-4389-9534-4530D731405F}.Debug|x64.ActiveCfg = Debug|Any CPU
		{43EEDD54-0C6E-4389-9534-4530D731405F}.Debug|x64.Build.0 = Debug|Any CPU
		{43EEDD54-0C6E-4389-9534-4530D731405F}.Debug|x86.ActiveCfg = Debug|Any CPU
		{43EEDD54-0C6E-4389-9534-4530D731405F}.Debug|x86.Build.0 = Debug|Any CPU
		{43EEDD54-0C6E-4389-9534-4530D731405F}.Release|Any CPU.ActiveCfg = Release|Any CPU
		{43EEDD54-0C6E-4389-9534-4530D731405F}.Release|Any CPU.Build.0 = Release|Any CPU
		{43EEDD54-0C6E-4389-9534-4530D731405F}.Release|x64.ActiveCfg = Release|Any CPU
		{43EEDD54-0C6E-4389-9534-4530D731405F}.Release|x64.Build.0 = Release|Any CPU
		{43EEDD54-0C6E-4389-9534-4530D731405F}.Release|x86.ActiveCfg = Release|Any CPU
		{43EEDD54-0C6E-4389-9534-4530D731405F}.Release|x86.Build.0 = Release|Any CPU
		{80B618EB-0CD2-4D78-AB34-C450218BD448}.Debug|Any CPU.ActiveCfg = Debug|Any CPU
		{80B618EB-0CD2-4D78-AB34-C450218BD448}.Debug|Any CPU.Build.0 = Debug|Any CPU
		{80B618EB-0CD2-4D78-AB34-C450218BD448}.Debug|x64.ActiveCfg = Debug|Any CPU
		{80B618EB-0CD2-4D78-AB34-C450218BD448}.Debug|x64.Build.0 = Debug|Any CPU
		{80B618EB-0CD2-4D78-AB34-C450218BD448}.Debug|x86.ActiveCfg = Debug|Any CPU
		{80B618EB-0CD2-4D78-AB34-C450218BD448}.Debug|x86.Build.0 = Debug|Any CPU
		{80B618EB-0CD2-4D78-AB34-C450218BD448}.Release|Any CPU.ActiveCfg = Release|Any CPU
		{80B618EB-0CD2-4D78-AB34-C450218BD448}.Release|Any CPU.Build.0 = Release|Any CPU
		{80B618EB-0CD2-4D78-AB34-C450218BD448}.Release|x64.ActiveCfg = Release|Any CPU
		{80B618EB-0CD2-4D78-AB34-C450218BD448}.Release|x64.Build.0 = Release|Any CPU
		{80B618EB-0CD2-4D78-AB34-C450218BD448}.Release|x86.ActiveCfg = Release|Any CPU
		{80B618EB-0CD2-4D78-AB34-C450218BD448}.Release|x86.Build.0 = Release|Any CPU
		{55256C33-92BE-4771-8CB1-F050CA927619}.Debug|Any CPU.ActiveCfg = Debug|Any CPU
		{55256C33-92BE-4771-8CB1-F050CA927619}.Debug|Any CPU.Build.0 = Debug|Any CPU
		{55256C33-92BE-4771-8CB1-F050CA927619}.Debug|x64.ActiveCfg = Debug|Any CPU
		{55256C33-92BE-4771-8CB1-F050CA927619}.Debug|x64.Build.0 = Debug|Any CPU
		{55256C33-92BE-4771-8CB1-F050CA927619}.Debug|x86.ActiveCfg = Debug|Any CPU
		{55256C33-92BE-4771-8CB1-F050CA927619}.Debug|x86.Build.0 = Debug|Any CPU
		{55256C33-92BE-4771-8CB1-F050CA927619}.Release|Any CPU.ActiveCfg = Release|Any CPU
		{55256C33-92BE-4771-8CB1-F050CA927619}.Release|Any CPU.Build.0 = Release|Any CPU
		{55256C33-92BE-4771-8CB1-F050CA927619}.Release|x64.ActiveCfg = Release|Any CPU
		{55256C33-92BE-4771-8CB1-F050CA927619}.Release|x64.Build.0 = Release|Any CPU
		{55256C33-92BE-4771-8CB1-F050CA927619}.Release|x86.ActiveCfg = Release|Any CPU
		{55256C33-92BE-4771-8CB1-F050CA927619}.Release|x86.Build.0 = Release|Any CPU
		{77583567-DA7E-483E-9EFF-61A34B5B2646}.Debug|Any CPU.ActiveCfg = Debug|Any CPU
		{77583567-DA7E-483E-9EFF-61A34B5B2646}.Debug|Any CPU.Build.0 = Debug|Any CPU
		{77583567-DA7E-483E-9EFF-61A34B5B2646}.Debug|x64.ActiveCfg = Debug|Any CPU
		{77583567-DA7E-483E-9EFF-61A34B5B2646}.Debug|x64.Build.0 = Debug|Any CPU
		{77583567-DA7E-483E-9EFF-61A34B5B2646}.Debug|x86.ActiveCfg = Debug|Any CPU
		{77583567-DA7E-483E-9EFF-61A34B5B2646}.Debug|x86.Build.0 = Debug|Any CPU
		{77583567-DA7E-483E-9EFF-61A34B5B2646}.Release|Any CPU.ActiveCfg = Release|Any CPU
		{77583567-DA7E-483E-9EFF-61A34B5B2646}.Release|Any CPU.Build.0 = Release|Any CPU
		{77583567-DA7E-483E-9EFF-61A34B5B2646}.Release|x64.ActiveCfg = Release|Any CPU
		{77583567-DA7E-483E-9EFF-61A34B5B2646}.Release|x64.Build.0 = Release|Any CPU
		{77583567-DA7E-483E-9EFF-61A34B5B2646}.Release|x86.ActiveCfg = Release|Any CPU
		{77583567-DA7E-483E-9EFF-61A34B5B2646}.Release|x86.Build.0 = Release|Any CPU
	EndGlobalSection
	GlobalSection(SolutionProperties) = preSolution
		HideSolutionNode = FALSE
	EndGlobalSection
	GlobalSection(NestedProjects) = preSolution
		{B2C28AAF-B88E-A83F-FBF4-8916CB7D29F2} = {A1A5E854-4D08-4742-9751-1A14781F00AC}
		{039E43FB-828A-49E6-84B7-8379249F32F9} = {A1A5E854-4D08-4742-9751-1A14781F00AC}
		{17C4ED5A-933E-4845-9A20-011C9B12E052} = {A1A5E854-4D08-4742-9751-1A14781F00AC}
		{84E94974-C553-4108-92A6-28202AAFFA58} = {B2C28AAF-B88E-A83F-FBF4-8916CB7D29F2}
		{8B0D97CF-2744-4FB8-86AD-D5C7A9E7C44B} = {AC37BF44-9175-0602-A29F-47563313A574}
		{8B76FBE0-2EED-4840-A627-AA19261B4418} = {FFE4705F-C3E0-C558-7E89-5CB404BB2B07}
		{E1FF272F-94B6-4DAF-B1EB-52F87515E59E} = {49614BCA-EDDD-9A45-325F-73C48AD97512}
		{36356E14-2495-06BB-DB7E-7F4E0CB160F3} = {9C865978-3D0F-EE69-3E4B-2361CC8B54AB}
		{F741C346-422E-48C6-8040-C9B7ECEDF39E} = {36356E14-2495-06BB-DB7E-7F4E0CB160F3}
		{97E95594-F1BA-4083-B2BE-AB3F793442E6} = {CEAB7D86-A552-F2AA-AE02-BB5EA7CCD2C5}
		{A79CA51C-C8A7-9168-7282-E5EBA2ABDEF3} = {901D1D3B-5469-5923-1833-84550923A779}
		{CCF12416-EBFC-4D8E-8725-996DC6A320A0} = {A79CA51C-C8A7-9168-7282-E5EBA2ABDEF3}
		{59791F10-B618-43CB-BB4F-DEA8E2AF5977} = {B4D5AD4D-8B2A-ED01-5BD0-55748C6A08E1}
		{466A254F-E348-2D0A-5656-07E8B506FC6F} = {B4D5AD4D-8B2A-ED01-5BD0-55748C6A08E1}
		{A852092F-AD81-42D8-BDDA-A745B19C2BCD} = {466A254F-E348-2D0A-5656-07E8B506FC6F}
		{9E0F3176-3849-40D9-92E2-05C601E15B8E} = {59A2B009-55A9-DD81-30AE-A9238748F188}
		{476DCB1A-5456-4A1E-B99A-175226C96B95} = {48659C4E-EA10-CA30-C6C8-D4F473664EEE}
		{5C4D2B91-4A30-4C18-BD1E-94610FB66379} = {48659C4E-EA10-CA30-C6C8-D4F473664EEE}
		{80328416-0FFA-4563-9F48-D27B95198759} = {C9990375-3A33-CC5D-8D92-1F7D563F42CB}
		{F68C9AFA-65FF-E3D7-7A93-B0A47A452B3C} = {C9990375-3A33-CC5D-8D92-1F7D563F42CB}
		{C8DCE310-76E8-4B2D-867A-EACDF2B8DCEF} = {F68C9AFA-65FF-E3D7-7A93-B0A47A452B3C}
		{E2C97C59-93C0-54FA-67CB-01BA5845A882} = {A8914C4C-2569-99E4-72FB-61AEBE5E8D19}
		{7699C098-B183-45F1-A9DD-9DFAB1A55E71} = {E2C97C59-93C0-54FA-67CB-01BA5845A882}
		{9EA366CF-0DA0-819A-BB2E-0A813518817B} = {25A8C215-5C98-9A45-475E-1D963CCD91E2}
		{AEAF7817-16C1-4B0F-AB04-87508FCC9ADC} = {9EA366CF-0DA0-819A-BB2E-0A813518817B}
		{D3F8A1B2-7C4E-4F9D-B6E5-1A2B3C4D5E6F} = {A0B40856-11F1-6B37-EAAB-0DA15DF7FB73}
		{55C286D8-811A-4517-A4E1-892F24C7B46D} = {A0B40856-11F1-6B37-EAAB-0DA15DF7FB73}
		{BEA0C7D1-69F7-4422-9CDC-1777CA98ABF4} = {7FF86DE3-4E58-BF41-8E1F-C99B9C17A271}
		{A3D3CA7B-6738-B278-DF93-DD30864603EC} = {7FF86DE3-4E58-BF41-8E1F-C99B9C17A271}
		{E17DD056-C9A4-4670-8B85-076FCF46E35A} = {A3D3CA7B-6738-B278-DF93-DD30864603EC}
		{9AAD29A7-3108-6F33-C2B9-D2610BED34E5} = {2BA4DEE5-9C5D-6533-27D5-1E7D18FBE243}
		{BA7701BF-93B1-4D41-AC2B-CC9558BD49C4} = {9AAD29A7-3108-6F33-C2B9-D2610BED34E5}
		{54863BF0-06FD-452A-8FE3-08B3E7BFCE69} = {76F41153-3654-C9EC-F216-E9D461B132B2}
		{8D3B4263-CAC8-C3EE-EB3C-402F5DF80637} = {76F41153-3654-C9EC-F216-E9D461B132B2}
		{17B9E083-AE90-4BC6-ADDC-FCA82B240F6C} = {8D3B4263-CAC8-C3EE-EB3C-402F5DF80637}
		{02E3EB54-1E44-4443-87A1-10C3C83A66D6} = {D4ED25B2-0929-F08F-8EF1-CD4D02F1D247}
		{4EF1DD91-58C0-FC26-764A-69B235056B07} = {D4ED25B2-0929-F08F-8EF1-CD4D02F1D247}
		{64B8FAD4-2667-4793-912D-3A83E82070DD} = {4EF1DD91-58C0-FC26-764A-69B235056B07}
		{F4F39187-E190-40F3-924F-035120AAE436} = {E0D25E7E-C7E8-7DE2-560B-8A408C7B476A}
		{860412F9-BEB0-45F8-ACBD-948476F06D6D} = {805C7CFB-0444-3789-589A-3A49C8428A44}
		{8A86AD05-5C56-7BBB-29AA-017DF00545C9} = {805C7CFB-0444-3789-589A-3A49C8428A44}
		{BC68EC23-B50E-4476-B249-DB490EE3FC8B} = {8A86AD05-5C56-7BBB-29AA-017DF00545C9}
		{144B441E-2AB0-455B-8F1F-92DC125DCBE7} = {133AF602-B37A-2387-3553-585D042C0532}
		{57707F65-B010-126F-2C55-6E5AD106B4FA} = {CD722BE3-8280-0752-9B49-3365397F2684}
		{D1A1FFCE-461E-4CC4-AD2C-9EA28EE5147E} = {57707F65-B010-126F-2C55-6E5AD106B4FA}
		{1E90AB63-E57E-48FA-9002-0BEBBA195051} = {12764E37-F4BC-9988-53EB-ABDFB0C3B10B}
		{ECD26F8D-0EF8-1467-9173-F4DF959157E4} = {12764E37-F4BC-9988-53EB-ABDFB0C3B10B}
		{9967C106-0428-430E-A6B8-A1125843AEAF} = {ECD26F8D-0EF8-1467-9173-F4DF959157E4}
		{520FD0A3-DE17-4487-BEB9-242FC70FB24C} = {35DD2C65-4D67-57E1-F687-C74D5ED55D4B}
		{EFC50E5A-C007-4E20-A111-DBBCCF1FFB27} = {994E9C13-DF17-F908-38B4-9AAB037A3292}
		{19502318-5557-F054-253E-B85BC678295A} = {994E9C13-DF17-F908-38B4-9AAB037A3292}
		{43EEDD54-0C6E-4389-9534-4530D731405F} = {19502318-5557-F054-253E-B85BC678295A}
		{80B618EB-0CD2-4D78-AB34-C450218BD448} = {2E168790-6FBE-D818-47B1-A1020C03AE43}
		{C69CCD96-8416-66A0-2A56-ED6F9835E396} = {2E168790-6FBE-D818-47B1-A1020C03AE43}
		{55256C33-92BE-4771-8CB1-F050CA927619} = {C69CCD96-8416-66A0-2A56-ED6F9835E396}
		{77583567-DA7E-483E-9EFF-61A34B5B2646} = {82BA2AE1-2029-E269-FAB5-D6AFB24CFF9B}
	EndGlobalSection
EndGlobal
